{
  "version": 4,
  "terraform_version": "1.11.4",
  "serial": 284,
  "lineage": "cc6328d2-58f7-6615-1a79-ca8cc288ce1d",
  "outputs": {
    "app_server_ip": {
      "value": "10.1.4.68",
      "type": "string"
    },
    "db_server_ip": {
      "value": "10.1.4.132",
      "type": "string"
    },
    "vpc_id": {
      "value": "r006-bd3556e1-cd83-4778-b14e-87a9083139b4",
      "type": "string"
    },
    "web_server_ip": {
      "value": "10.1.4.4",
      "type": "string"
    }
  },
  "resources": [
    {
      "mode": "data",
      "type": "ibm_is_image",
      "name": "ubuntu",
      "provider": "provider[\"registry.terraform.io/ibm-cloud/ibm\"]",
      "instances": [
        {
          "schema_version": 0,
          "attributes": {
            "access_tags": [],
            "architecture": "amd64",
            "catalog_offering": [
              {
                "managed": false,
                "version": []
              }
            ],
            "checksum": "e45b668d3370a94419a5a70308b1382f196d77a24402aa7780f911c8e56bfeea",
            "created_at": "2020-10-04T13:44:03.000Z",
            "crn": "crn:v1:bluemix:public:is:us-south:a/811f8abfbd32425597dc7ba40da98fa6::image:r006-988caa8b-7786-49c9-aea6-9553af2b1969",
            "deprecation_at": null,
            "encryption": "none",
            "encryption_key": null,
            "id": "r006-988caa8b-7786-49c9-aea6-9553af2b1969",
            "identifier": null,
            "name": "ibm-ubuntu-20-04-minimal-amd64-2",
            "obsolescence_at": null,
            "operating_system": [
              {
                "allow_user_image_creation": true,
                "architecture": "amd64",
                "dedicated_host_only": false,
                "display_name": "Ubuntu Linux 20.04 LTS Focal Fossa Minimal Install (amd64)",
                "family": "Ubuntu Linux",
                "href": "https://us-south.iaas.cloud.ibm.com/v1/operating_systems/ubuntu-20-04-amd64",
                "name": "ubuntu-20-04-amd64",
                "user_data_format": "cloud_init",
                "vendor": "Canonical",
                "version": "20.04 LTS Focal Fossa Minimal Install"
              }
            ],
            "os": "ubuntu-20-04-amd64",
            "resource_group": [
              {
                "href": "https://resource-controller.cloud.ibm.com/v1/resource_groups/5807b5832a8741179b2e06ca2d2b3b96",
                "id": "5807b5832a8741179b2e06ca2d2b3b96",
                "name": "Default"
              }
            ],
            "source_volume": null,
            "status": "deprecated",
            "status_reasons": null,
            "user_data_format": "cloud_init",
            "visibility": "public"
          },
          "sensitive_attributes": []
        }
      ]
    },
    {
      "mode": "data",
      "type": "ibm_is_ssh_key",
      "name": "ssh_key",
      "provider": "provider[\"registry.terraform.io/ibm-cloud/ibm\"]",
      "instances": [
        {
          "schema_version": 0,
          "attributes": {
            "access_tags": [],
            "created_at": "2025-05-25T17:18:39.000Z",
            "crn": "crn:v1:bluemix:public:is:us-south:a/1b0834ebce7f4b94983d856f532ebfe2::key:r006-9b3cfa8d-97da-400e-a467-334236271e1d",
            "fingerprint": "SHA256:juDMsR2c0giOcX6/sDXGETFyOxbFZVSzNdTXC8Q59BU",
            "href": "https://us-south.iaas.cloud.ibm.com/v1/keys/r006-9b3cfa8d-97da-400e-a467-334236271e1d",
            "id": "r006-9b3cfa8d-97da-400e-a467-334236271e1d",
            "length": 4096,
            "name": "team-1-ssh-key-1",
            "public_key": "ssh-rsa AAAAB3NzaC1yc2EAAAADAQABAAACAQDNnfkNWiqf8ftkk/lfgvDNyAAKHXl2o5+X/MNCcBN2UIpke15vrfAh+Q+S781daV/y0nmnKGkE+1PKSf/AWajBv1H0QIw3s50fQzYLcxwl1Od5VHBGRUOI8XN+0LGKl55lwDOdK3/jabuTy+IzV0yKwK0PFjM4Jc8nS6cbKvC9KOyb+c0rpF378muBSjg8JxE0OYKZzi66HY737pRuV76GygcA2k/QdrXiPhoPU6yLomLwzhznAxkOjeI3sF+OV/oyqzSiOC8kG9jhw2Q/GvWI6jp6e1v7Auk6nx3I5nKUfYoG2dmciQVcC3IY2nHkPq26ef6W2YiIJad8f6dcG9FiW/UN8OdopI37U5ZqJ2Vc18O0njDT4mvh4H26vZI4KumWSmv+rM6YAASyqmuZhTe58T1vO9ZZe1mSyRxhFD0/bNPOXjW/xuOkvf/oPS2sDqXaCdBSA/VxIx0UrWMJBnsynEFhDlFqqsAGu6bvsxNEsBKAeBte1r8cSsRKy/wazq2B4qXkYU5lZqG8OraODycVOns89jpyktBrIYM5F+DUYLYNtiU5zN0yhN0u1Jn3okFTLLg4Jgfd9fT7cxZNIBYiZ6Q1t+zuyftXGTV2/4q/3wDfRlbN+Nc8HWm2seYI2B/YzzRXTSsYs+YlrPekfpkBPq/PHKQt0unyT5m05VAGNQ==",
            "resource_controller_url": "https://cloud.ibm.com/vpc/compute/sshKeys",
            "resource_crn": "crn:v1:bluemix:public:is:us-south:a/1b0834ebce7f4b94983d856f532ebfe2::key:r006-9b3cfa8d-97da-400e-a467-334236271e1d",
            "resource_group": "28b0e7d18da9417ea85b2ba308088657",
            "resource_group_name": "28b0e7d18da9417ea85b2ba308088657",
            "resource_name": "team-1-ssh-key-1",
            "tags": [],
            "type": "rsa"
          },
          "sensitive_attributes": []
        }
      ]
    },
    {
      "mode": "managed",
      "type": "ibm_is_instance",
      "name": "app_01_vsi",
      "provider": "provider[\"registry.terraform.io/ibm-cloud/ibm\"]",
      "instances": [
        {
          "schema_version": 0,
          "attributes": {
            "access_tags": [],
            "action": null,
            "auto_delete_volume": null,
            "availability_policy_host_failure": "restart",
            "bandwidth": 4000,
            "boot_volume": [
              {
                "auto_delete_volume": true,
                "bandwidth": 393,
                "encryption": "",
                "iops": 3000,
                "name": "team-1-app-01-vsi-boot-vol",
                "profile": "general-purpose",
                "size": 100,
                "snapshot": "",
                "snapshot_crn": "",
                "tags": [],
                "volume_id": "r006-3fe8bf58-6701-4d06-bb18-c310a61cda47"
              }
            ],
            "catalog_offering": [],
            "cluster_network": [],
            "cluster_network_attachments": [],
            "confidential_compute_mode": "disabled",
            "crn": "crn:v1:bluemix:public:is:us-south-1:a/1b0834ebce7f4b94983d856f532ebfe2::instance:0717_93dfef4f-a5d3-454b-b4f3-07e66ec1ea70",
            "dedicated_host": null,
            "dedicated_host_group": null,
            "default_trusted_profile_auto_link": null,
            "default_trusted_profile_target": null,
            "disks": [],
            "enable_secure_boot": false,
            "force_action": false,
            "force_recovery_time": null,
            "gpu": [],
            "health_reasons": [],
            "health_state": "ok",
            "id": "0717_93dfef4f-a5d3-454b-b4f3-07e66ec1ea70",
            "image": "r006-988caa8b-7786-49c9-aea6-9553af2b1969",
            "instance_template": null,
            "keys": [
              "r006-9b3cfa8d-97da-400e-a467-334236271e1d"
            ],
            "lifecycle_reasons": [],
            "lifecycle_state": "stable",
            "memory": 4,
            "metadata_service": [
              {
                "enabled": false,
                "protocol": "http",
                "response_hop_limit": 1
              }
            ],
            "metadata_service_enabled": false,
            "name": "team-1-app-01-vsi",
            "network_attachments": [],
            "network_interfaces": [],
            "numa_count": 1,
            "placement_group": null,
            "placement_target": [],
            "primary_network_attachment": [
              {
                "deleted": [],
                "href": "https://us-south.iaas.cloud.ibm.com/v1/instances/0717_93dfef4f-a5d3-454b-b4f3-07e66ec1ea70/network_attachments/0717-5fc855eb-f3b4-41d0-a1fc-397c39c27b6b",
                "id": "0717-5fc855eb-f3b4-41d0-a1fc-397c39c27b6b",
                "name": "app-01-vsi",
                "primary_ip": [
                  {
                    "address": "10.1.4.69",
                    "deleted": [],
                    "href": "https://us-south.iaas.cloud.ibm.com/v1/subnets/0717-e15a5a80-b7fa-4243-9881-91363addb412/reserved_ips/0717-6f9cb65b-d70b-4319-9781-d387d44b2625",
                    "id": "0717-6f9cb65b-d70b-4319-9781-d387d44b2625",
                    "name": "gliding-musty-dispersal-probable",
                    "resource_type": "subnet_reserved_ip"
                  }
                ],
                "resource_type": "instance_network_attachment",
                "virtual_network_interface": [
                  {
                    "allow_ip_spoofing": false,
                    "auto_delete": false,
                    "enable_infrastructure_nat": true,
                    "id": "0717-ed3bd4db-5fc7-4866-ba4b-da9d1e132bdb",
                    "ips": [],
                    "name": "team-1-app-01-vni",
                    "primary_ip": [
                      {
                        "address": "10.1.4.69",
                        "auto_delete": true,
                        "deleted": [],
                        "href": "https://us-south.iaas.cloud.ibm.com/v1/subnets/0717-e15a5a80-b7fa-4243-9881-91363addb412/reserved_ips/0717-6f9cb65b-d70b-4319-9781-d387d44b2625",
                        "name": "gliding-musty-dispersal-probable",
                        "reserved_ip": "0717-6f9cb65b-d70b-4319-9781-d387d44b2625",
                        "resource_type": "subnet_reserved_ip"
                      }
                    ],
                    "protocol_state_filtering_mode": "auto",
                    "resource_group": "28b0e7d18da9417ea85b2ba308088657",
                    "resource_type": "virtual_network_interface",
                    "security_groups": [
                      "r006-292d4a62-1eb2-45d2-95d3-3ff4d804120b"
                    ],
                    "subnet": "0717-e15a5a80-b7fa-4243-9881-91363addb412"
                  }
                ]
              }
            ],
            "primary_network_interface": [
              {
                "allow_ip_spoofing": false,
                "id": "0717-5fc855eb-f3b4-41d0-a1fc-397c39c27b6b",
                "name": "app-01-vsi",
                "port_speed": 3000,
                "primary_ip": [
                  {
                    "address": "10.1.4.69",
                    "auto_delete": true,
                    "href": "https://us-south.iaas.cloud.ibm.com/v1/subnets/0717-e15a5a80-b7fa-4243-9881-91363addb412/reserved_ips/0717-6f9cb65b-d70b-4319-9781-d387d44b2625",
                    "name": "gliding-musty-dispersal-probable",
                    "reserved_ip": "0717-6f9cb65b-d70b-4319-9781-d387d44b2625",
                    "resource_type": "subnet_reserved_ip"
                  }
                ],
                "primary_ipv4_address": "10.1.4.69",
                "security_groups": [
                  "r006-292d4a62-1eb2-45d2-95d3-3ff4d804120b"
                ],
                "subnet": "0717-e15a5a80-b7fa-4243-9881-91363addb412"
              }
            ],
            "profile": "cx2-2x4",
            "reservation": [],
            "reservation_affinity": [
              {
                "policy": "automatic",
                "pool": []
              }
            ],
            "resource_controller_url": "https://cloud.ibm.com/vpc-ext/compute/vs",
            "resource_crn": "crn:v1:bluemix:public:is:us-south-1:a/1b0834ebce7f4b94983d856f532ebfe2::instance:0717_93dfef4f-a5d3-454b-b4f3-07e66ec1ea70",
            "resource_group": "1647f92e653742ad81d5a2a767cf61c1",
            "resource_group_name": "team-1-app1-rg",
            "resource_name": "team-1-app-01-vsi",
            "resource_status": "running",
            "status": "running",
            "status_reasons": [],
            "tags": [],
            "timeouts": null,
            "total_network_bandwidth": 3000,
            "total_volume_bandwidth": 1000,
            "user_data": "#cloud-config\n\npackage_update: true\npackage_upgrade: true\n\npackages:\n  - git\n  - curl\n\nwrite_files:\n  - path: /opt/setup/deploy.sh\n    permissions: '0755'\n    content: |\n      #!/bin/bash\n      # Clone the repository containing deployment scripts\n      git clone https://github.com/neil1taylor/simple-three-tier-app.git /opt/deployment\n      \n      # Run the application tier script\n      chmod +x /opt/deployment/app-tier.sh\n      /opt/deployment/app-tier.sh\n      \n      # Log completion\n      echo \"$(date): Application tier deployment completed\" \u003e\u003e /var/log/deployment.log\n\nruncmd:\n  - /opt/setup/deploy.sh",
            "vcpu": [
              {
                "architecture": "amd64",
                "count": 2,
                "manufacturer": "intel"
              }
            ],
            "volume_attachments": [
              {
                "id": "0717-e406fde8-e1de-4273-b714-e0e24418d8b9",
                "name": "dreary-armhole-rasping-aviation",
                "volume_crn": "crn:v1:bluemix:public:is:us-south-1:a/1b0834ebce7f4b94983d856f532ebfe2::volume:r006-3fe8bf58-6701-4d06-bb18-c310a61cda47",
                "volume_id": "r006-3fe8bf58-6701-4d06-bb18-c310a61cda47",
                "volume_name": "team-1-app-01-vsi-boot-vol"
              }
            ],
            "volume_prototypes": [],
            "volumes": null,
            "vpc": "r006-bd3556e1-cd83-4778-b14e-87a9083139b4",
            "wait_before_delete": true,
            "zone": "us-south-1"
          },
          "sensitive_attributes": [],
          "private": "eyJlMmJmYjczMC1lY2FhLTExZTYtOGY4OC0zNDM2M2JjN2M0YzAiOnsiY3JlYXRlIjoxODAwMDAwMDAwMDAwLCJkZWxldGUiOjE4MDAwMDAwMDAwMDAsInVwZGF0ZSI6MTgwMDAwMDAwMDAwMH19",
          "dependencies": [
            "data.ibm_is_image.ubuntu",
            "data.ibm_is_ssh_key.ssh_key",
            "ibm_is_network_acl.app1_acl",
            "ibm_is_public_gateway.pgw_02_pgw",
            "ibm_is_security_group.app1_app_sg",
            "ibm_is_subnet.app1_app_sn",
            "ibm_is_subnet_reserved_ip.app_01_rip",
            "ibm_is_virtual_network_interface.app_01_vni",
            "ibm_is_vpc.app1_vpc",
            "ibm_resource_group.app1_rg"
          ]
        }
      ]
    },
    {
      "mode": "managed",
      "type": "ibm_is_instance",
      "name": "db_01_vsi",
      "provider": "provider[\"registry.terraform.io/ibm-cloud/ibm\"]",
      "instances": [
        {
          "schema_version": 0,
          "attributes": {
            "access_tags": [],
            "action": null,
            "auto_delete_volume": null,
            "availability_policy_host_failure": "restart",
            "bandwidth": 4000,
            "boot_volume": [
              {
                "auto_delete_volume": true,
                "bandwidth": 393,
                "encryption": "",
                "iops": 3000,
                "name": "team-1-db-01-vsi-boot-vol",
                "profile": "general-purpose",
                "size": 100,
                "snapshot": "",
                "snapshot_crn": "",
                "tags": [],
                "volume_id": "r006-f1d1cc37-3065-480c-8376-3db2bd32845d"
              }
            ],
            "catalog_offering": [],
            "cluster_network": [],
            "cluster_network_attachments": [],
            "confidential_compute_mode": "disabled",
            "crn": "crn:v1:bluemix:public:is:us-south-1:a/1b0834ebce7f4b94983d856f532ebfe2::instance:0717_54953aa1-6f1c-49ec-af96-44aca800cab1",
            "dedicated_host": null,
            "dedicated_host_group": null,
            "default_trusted_profile_auto_link": null,
            "default_trusted_profile_target": null,
            "disks": [],
            "enable_secure_boot": false,
            "force_action": false,
            "force_recovery_time": null,
            "gpu": [],
            "health_reasons": [],
            "health_state": "ok",
            "id": "0717_54953aa1-6f1c-49ec-af96-44aca800cab1",
            "image": "r006-988caa8b-7786-49c9-aea6-9553af2b1969",
            "instance_template": null,
            "keys": [
              "r006-9b3cfa8d-97da-400e-a467-334236271e1d"
            ],
            "lifecycle_reasons": [],
            "lifecycle_state": "stable",
            "memory": 4,
            "metadata_service": [
              {
                "enabled": false,
                "protocol": "http",
                "response_hop_limit": 1
              }
            ],
            "metadata_service_enabled": false,
            "name": "team-1-db-01-vsi",
            "network_attachments": [],
            "network_interfaces": [],
            "numa_count": 1,
            "placement_group": null,
            "placement_target": [],
            "primary_network_attachment": [
              {
                "deleted": [],
                "href": "https://us-south.iaas.cloud.ibm.com/v1/instances/0717_54953aa1-6f1c-49ec-af96-44aca800cab1/network_attachments/0717-3caad406-4226-4abf-b5c3-709ae9db3236",
                "id": "0717-3caad406-4226-4abf-b5c3-709ae9db3236",
                "name": "db-01-vsi",
                "primary_ip": [
                  {
                    "address": "10.1.4.133",
                    "deleted": [],
                    "href": "https://us-south.iaas.cloud.ibm.com/v1/subnets/0717-fc9c8277-8e37-4ad8-9408-be63c1f61ade/reserved_ips/0717-691f263a-5769-4dd6-bf77-9a83b5db4c81",
                    "id": "0717-691f263a-5769-4dd6-bf77-9a83b5db4c81",
                    "name": "monopoly-pacifism-diploma-congeal",
                    "resource_type": "subnet_reserved_ip"
                  }
                ],
                "resource_type": "instance_network_attachment",
                "virtual_network_interface": [
                  {
                    "allow_ip_spoofing": false,
                    "auto_delete": false,
                    "enable_infrastructure_nat": true,
                    "id": "0717-fb0b5baa-f27b-4e5d-b379-4318aefb81f0",
                    "ips": [],
                    "name": "team-1-db-01-vni",
                    "primary_ip": [
                      {
                        "address": "10.1.4.133",
                        "auto_delete": true,
                        "deleted": [],
                        "href": "https://us-south.iaas.cloud.ibm.com/v1/subnets/0717-fc9c8277-8e37-4ad8-9408-be63c1f61ade/reserved_ips/0717-691f263a-5769-4dd6-bf77-9a83b5db4c81",
                        "name": "monopoly-pacifism-diploma-congeal",
                        "reserved_ip": "0717-691f263a-5769-4dd6-bf77-9a83b5db4c81",
                        "resource_type": "subnet_reserved_ip"
                      }
                    ],
                    "protocol_state_filtering_mode": "auto",
                    "resource_group": "28b0e7d18da9417ea85b2ba308088657",
                    "resource_type": "virtual_network_interface",
                    "security_groups": [
                      "r006-195c1291-810f-4aa6-82f3-7dd39550118f"
                    ],
                    "subnet": "0717-fc9c8277-8e37-4ad8-9408-be63c1f61ade"
                  }
                ]
              }
            ],
            "primary_network_interface": [
              {
                "allow_ip_spoofing": false,
                "id": "0717-3caad406-4226-4abf-b5c3-709ae9db3236",
                "name": "db-01-vsi",
                "port_speed": 3000,
                "primary_ip": [
                  {
                    "address": "10.1.4.133",
                    "auto_delete": true,
                    "href": "https://us-south.iaas.cloud.ibm.com/v1/subnets/0717-fc9c8277-8e37-4ad8-9408-be63c1f61ade/reserved_ips/0717-691f263a-5769-4dd6-bf77-9a83b5db4c81",
                    "name": "monopoly-pacifism-diploma-congeal",
                    "reserved_ip": "0717-691f263a-5769-4dd6-bf77-9a83b5db4c81",
                    "resource_type": "subnet_reserved_ip"
                  }
                ],
                "primary_ipv4_address": "10.1.4.133",
                "security_groups": [
                  "r006-195c1291-810f-4aa6-82f3-7dd39550118f"
                ],
                "subnet": "0717-fc9c8277-8e37-4ad8-9408-be63c1f61ade"
              }
            ],
            "profile": "cx2-2x4",
            "reservation": [],
            "reservation_affinity": [
              {
                "policy": "automatic",
                "pool": []
              }
            ],
            "resource_controller_url": "https://cloud.ibm.com/vpc-ext/compute/vs",
            "resource_crn": "crn:v1:bluemix:public:is:us-south-1:a/1b0834ebce7f4b94983d856f532ebfe2::instance:0717_54953aa1-6f1c-49ec-af96-44aca800cab1",
            "resource_group": "1647f92e653742ad81d5a2a767cf61c1",
            "resource_group_name": "team-1-app1-rg",
            "resource_name": "team-1-db-01-vsi",
            "resource_status": "running",
            "status": "running",
            "status_reasons": [],
            "tags": [],
            "timeouts": null,
            "total_network_bandwidth": 3000,
            "total_volume_bandwidth": 1000,
            "user_data": "#cloud-config\n\npackage_update: true\npackage_upgrade: true\n\npackages:\n  - git\n  - curl\n\nwrite_files:\n  - path: /opt/setup/deploy.sh\n    permissions: '0755'\n    content: |\n      #!/bin/bash\n      # Clone the repository containing deployment scripts\n      git clone https://github.com/neil1taylor/simple-three-tier-app.git /opt/deployment\n      \n      # Run the database tier script\n      chmod +x /opt/deployment/db-tier.sh\n      /opt/deployment/db-tier.sh\n      \n      # Log completion\n      echo \"$(date): Database tier deployment completed\" \u003e\u003e /var/log/deployment.log\n\nruncmd:\n  - /opt/setup/deploy.sh",
            "vcpu": [
              {
                "architecture": "amd64",
                "count": 2,
                "manufacturer": "intel"
              }
            ],
            "volume_attachments": [
              {
                "id": "0717-5512bb48-d4fd-4a3f-8a12-ad184f5994aa",
                "name": "submerge-dismiss-municipal-perm",
                "volume_crn": "crn:v1:bluemix:public:is:us-south-1:a/1b0834ebce7f4b94983d856f532ebfe2::volume:r006-f1d1cc37-3065-480c-8376-3db2bd32845d",
                "volume_id": "r006-f1d1cc37-3065-480c-8376-3db2bd32845d",
                "volume_name": "team-1-db-01-vsi-boot-vol"
              }
            ],
            "volume_prototypes": [],
            "volumes": null,
            "vpc": "r006-bd3556e1-cd83-4778-b14e-87a9083139b4",
            "wait_before_delete": true,
            "zone": "us-south-1"
          },
          "sensitive_attributes": [],
          "private": "eyJlMmJmYjczMC1lY2FhLTExZTYtOGY4OC0zNDM2M2JjN2M0YzAiOnsiY3JlYXRlIjoxODAwMDAwMDAwMDAwLCJkZWxldGUiOjE4MDAwMDAwMDAwMDAsInVwZGF0ZSI6MTgwMDAwMDAwMDAwMH19",
          "dependencies": [
            "data.ibm_is_image.ubuntu",
            "data.ibm_is_ssh_key.ssh_key",
            "ibm_is_network_acl.app1_acl",
            "ibm_is_public_gateway.pgw_02_pgw",
            "ibm_is_security_group.app1_db_sg",
            "ibm_is_subnet.app1_db_sn",
            "ibm_is_subnet_reserved_ip.db_01_rip",
            "ibm_is_virtual_network_interface.db_01_vni",
            "ibm_is_vpc.app1_vpc",
            "ibm_resource_group.app1_rg"
          ]
        }
      ]
    },
    {
      "mode": "managed",
      "type": "ibm_is_instance",
      "name": "web_01_vsi",
      "provider": "provider[\"registry.terraform.io/ibm-cloud/ibm\"]",
      "instances": [
        {
          "schema_version": 0,
          "attributes": {
            "access_tags": [],
            "action": null,
            "auto_delete_volume": null,
            "availability_policy_host_failure": "restart",
            "bandwidth": 4000,
            "boot_volume": [
              {
                "auto_delete_volume": true,
                "bandwidth": 393,
                "encryption": "",
                "iops": 3000,
                "name": "team-1-web-01-vsi-boot-vol",
                "profile": "general-purpose",
                "size": 100,
                "snapshot": "",
                "snapshot_crn": "",
                "tags": [],
                "volume_id": "r006-36623917-b302-406d-985c-3935f866737d"
              }
            ],
            "catalog_offering": [],
            "cluster_network": [],
            "cluster_network_attachments": [],
            "confidential_compute_mode": "disabled",
            "crn": "crn:v1:bluemix:public:is:us-south-1:a/1b0834ebce7f4b94983d856f532ebfe2::instance:0717_2ecca1c6-fb04-4091-9789-3997f3e0d575",
            "dedicated_host": null,
            "dedicated_host_group": null,
            "default_trusted_profile_auto_link": null,
            "default_trusted_profile_target": null,
            "disks": [],
            "enable_secure_boot": false,
            "force_action": false,
            "force_recovery_time": null,
            "gpu": [],
            "health_reasons": [],
            "health_state": "ok",
            "id": "0717_2ecca1c6-fb04-4091-9789-3997f3e0d575",
            "image": "r006-988caa8b-7786-49c9-aea6-9553af2b1969",
            "instance_template": null,
            "keys": [
              "r006-9b3cfa8d-97da-400e-a467-334236271e1d"
            ],
            "lifecycle_reasons": [],
            "lifecycle_state": "stable",
            "memory": 4,
            "metadata_service": [
              {
                "enabled": false,
                "protocol": "http",
                "response_hop_limit": 1
              }
            ],
            "metadata_service_enabled": false,
            "name": "team-1-web-01-vsi",
            "network_attachments": [],
            "network_interfaces": [],
            "numa_count": 1,
            "placement_group": null,
            "placement_target": [],
            "primary_network_attachment": [
              {
                "deleted": [],
                "href": "https://us-south.iaas.cloud.ibm.com/v1/instances/0717_2ecca1c6-fb04-4091-9789-3997f3e0d575/network_attachments/0717-7277a0a6-6262-41ff-832b-7fba8822c21e",
                "id": "0717-7277a0a6-6262-41ff-832b-7fba8822c21e",
                "name": "web-01-vsi",
                "primary_ip": [
                  {
                    "address": "10.1.4.5",
                    "deleted": [],
                    "href": "https://us-south.iaas.cloud.ibm.com/v1/subnets/0717-7f8b39d6-0620-4507-8c4c-2f628ac2e0fe/reserved_ips/0717-76f76408-8fe8-42ea-a650-fa16fc7fcb75",
                    "id": "0717-76f76408-8fe8-42ea-a650-fa16fc7fcb75",
                    "name": "unelected-exiting-mayflower-unflawed",
                    "resource_type": "subnet_reserved_ip"
                  }
                ],
                "resource_type": "instance_network_attachment",
                "virtual_network_interface": [
                  {
                    "allow_ip_spoofing": false,
                    "auto_delete": false,
                    "enable_infrastructure_nat": true,
                    "id": "0717-fecbb66d-3137-46f1-a3e1-395262c9c405",
                    "ips": [],
                    "name": "team-1-web-01-vni",
                    "primary_ip": [
                      {
                        "address": "10.1.4.5",
                        "auto_delete": true,
                        "deleted": [],
                        "href": "https://us-south.iaas.cloud.ibm.com/v1/subnets/0717-7f8b39d6-0620-4507-8c4c-2f628ac2e0fe/reserved_ips/0717-76f76408-8fe8-42ea-a650-fa16fc7fcb75",
                        "name": "unelected-exiting-mayflower-unflawed",
                        "reserved_ip": "0717-76f76408-8fe8-42ea-a650-fa16fc7fcb75",
                        "resource_type": "subnet_reserved_ip"
                      }
                    ],
                    "protocol_state_filtering_mode": "auto",
                    "resource_group": "28b0e7d18da9417ea85b2ba308088657",
                    "resource_type": "virtual_network_interface",
                    "security_groups": [
                      "r006-7c473631-a257-4926-b898-54dee496ecbb"
                    ],
                    "subnet": "0717-7f8b39d6-0620-4507-8c4c-2f628ac2e0fe"
                  }
                ]
              }
            ],
            "primary_network_interface": [
              {
                "allow_ip_spoofing": false,
                "id": "0717-7277a0a6-6262-41ff-832b-7fba8822c21e",
                "name": "web-01-vsi",
                "port_speed": 3000,
                "primary_ip": [
                  {
                    "address": "10.1.4.5",
                    "auto_delete": true,
                    "href": "https://us-south.iaas.cloud.ibm.com/v1/subnets/0717-7f8b39d6-0620-4507-8c4c-2f628ac2e0fe/reserved_ips/0717-76f76408-8fe8-42ea-a650-fa16fc7fcb75",
                    "name": "unelected-exiting-mayflower-unflawed",
                    "reserved_ip": "0717-76f76408-8fe8-42ea-a650-fa16fc7fcb75",
                    "resource_type": "subnet_reserved_ip"
                  }
                ],
                "primary_ipv4_address": "10.1.4.5",
                "security_groups": [
                  "r006-7c473631-a257-4926-b898-54dee496ecbb"
                ],
                "subnet": "0717-7f8b39d6-0620-4507-8c4c-2f628ac2e0fe"
              }
            ],
            "profile": "cx2-2x4",
            "reservation": [],
            "reservation_affinity": [
              {
                "policy": "automatic",
                "pool": []
              }
            ],
            "resource_controller_url": "https://cloud.ibm.com/vpc-ext/compute/vs",
            "resource_crn": "crn:v1:bluemix:public:is:us-south-1:a/1b0834ebce7f4b94983d856f532ebfe2::instance:0717_2ecca1c6-fb04-4091-9789-3997f3e0d575",
            "resource_group": "1647f92e653742ad81d5a2a767cf61c1",
            "resource_group_name": "team-1-app1-rg",
            "resource_name": "team-1-web-01-vsi",
            "resource_status": "running",
            "status": "running",
            "status_reasons": [],
            "tags": [],
            "timeouts": null,
            "total_network_bandwidth": 3000,
            "total_volume_bandwidth": 1000,
            "user_data": "#cloud-config\n\npackage_update: true\npackage_upgrade: true\n\npackages:\n  - git\n  - curl\n\nwrite_files:\n  - path: /opt/setup/deploy.sh\n    permissions: '0755'\n    content: |\n      #!/bin/bash\n      # Clone the repository containing deployment scripts\n      git clone https://github.com/neil1taylor/simple-three-tier-app.git /opt/deployment\n      \n      # Run the web tier script\n      chmod +x /opt/deployment/web-tier.sh\n      /opt/deployment/web-tier.sh\n      \n      # Log completion\n      echo \"$(date): Web tier deployment completed\" \u003e\u003e /var/log/deployment.log\n\nruncmd:\n  - /opt/setup/deploy.sh",
            "vcpu": [
              {
                "architecture": "amd64",
                "count": 2,
                "manufacturer": "intel"
              }
            ],
            "volume_attachments": [
              {
                "id": "0717-050ad70b-821f-4528-8cf6-109fa90d09ac",
                "name": "crimp-available-sandals-puritan",
                "volume_crn": "crn:v1:bluemix:public:is:us-south-1:a/1b0834ebce7f4b94983d856f532ebfe2::volume:r006-36623917-b302-406d-985c-3935f866737d",
                "volume_id": "r006-36623917-b302-406d-985c-3935f866737d",
                "volume_name": "team-1-web-01-vsi-boot-vol"
              }
            ],
            "volume_prototypes": [],
            "volumes": null,
            "vpc": "r006-bd3556e1-cd83-4778-b14e-87a9083139b4",
            "wait_before_delete": true,
            "zone": "us-south-1"
          },
          "sensitive_attributes": [],
          "private": "eyJlMmJmYjczMC1lY2FhLTExZTYtOGY4OC0zNDM2M2JjN2M0YzAiOnsiY3JlYXRlIjoxODAwMDAwMDAwMDAwLCJkZWxldGUiOjE4MDAwMDAwMDAwMDAsInVwZGF0ZSI6MTgwMDAwMDAwMDAwMH19",
          "dependencies": [
            "data.ibm_is_image.ubuntu",
            "data.ibm_is_ssh_key.ssh_key",
            "ibm_is_network_acl.app1_acl",
            "ibm_is_public_gateway.pgw_02_pgw",
            "ibm_is_security_group.app1_web_sg",
            "ibm_is_subnet.app1_web_sn",
            "ibm_is_subnet_reserved_ip.web_01_rip",
            "ibm_is_virtual_network_interface.web_01_vni",
            "ibm_is_vpc.app1_vpc",
            "ibm_resource_group.app1_rg"
          ]
        }
      ]
    },
    {
      "mode": "managed",
      "type": "ibm_is_lb",
      "name": "app1_lb",
      "provider": "provider[\"registry.terraform.io/ibm-cloud/ibm\"]",
      "instances": []
    },
    {
      "mode": "managed",
      "type": "ibm_is_network_acl",
      "name": "app1_acl",
      "provider": "provider[\"registry.terraform.io/ibm-cloud/ibm\"]",
      "instances": [
        {
          "schema_version": 0,
          "attributes": {
            "access_tags": [],
            "crn": "crn:v1:bluemix:public:is:us-south:a/1b0834ebce7f4b94983d856f532ebfe2::network-acl:r006-7dc88adb-50c0-4691-87aa-a1a880a55429",
            "id": "r006-7dc88adb-50c0-4691-87aa-a1a880a55429",
            "name": "team-1-app1-acl",
            "resource_controller_url": "https://cloud.ibm.com/vpc-ext/network/acl",
            "resource_crn": null,
            "resource_group": "1647f92e653742ad81d5a2a767cf61c1",
            "resource_group_name": "team-1-app1-rg",
            "resource_name": "team-1-app1-acl",
            "rules": [
              {
                "action": "allow",
                "destination": "0.0.0.0/0",
                "direction": "outbound",
                "icmp": [],
                "id": "60b1d6a1-7cb7-4aa1-8212-7e8fa8125e9a",
                "ip_version": "ipv4",
                "name": "allow-all-outbound",
                "source": "0.0.0.0/0",
                "subnets": 0,
                "tcp": [],
                "udp": []
              },
              {
                "action": "allow",
                "destination": "0.0.0.0/0",
                "direction": "inbound",
                "icmp": [],
                "id": "4ff055d0-9364-47bd-a7a7-b9e3315f08e5",
                "ip_version": "ipv4",
                "name": "allow-all-inbound",
                "source": "0.0.0.0/0",
                "subnets": 0,
                "tcp": [],
                "udp": []
              }
            ],
            "tags": [],
            "timeouts": null,
            "vpc": "r006-bd3556e1-cd83-4778-b14e-87a9083139b4"
          },
          "sensitive_attributes": [],
          "private": "eyJlMmJmYjczMC1lY2FhLTExZTYtOGY4OC0zNDM2M2JjN2M0YzAiOnsiY3JlYXRlIjo2MDAwMDAwMDAwMDAsImRlbGV0ZSI6NjAwMDAwMDAwMDAwfX0=",
          "dependencies": [
            "ibm_is_vpc.app1_vpc",
            "ibm_resource_group.app1_rg"
          ]
        }
      ]
    },
    {
      "mode": "managed",
      "type": "ibm_is_public_gateway",
      "name": "pgw_02_pgw",
      "provider": "provider[\"registry.terraform.io/ibm-cloud/ibm\"]",
      "instances": [
        {
          "schema_version": 0,
          "attributes": {
            "access_tags": [],
            "crn": "crn:v1:bluemix:public:is:us-south-1:a/1b0834ebce7f4b94983d856f532ebfe2::public-gateway:r006-99097afb-7625-42a7-a472-ce608b6742a6",
            "floating_ip": {
              "address": "150.240.167.246",
              "id": "r006-8fa6a6c9-8d5b-49ff-8978-32fe374353dc"
            },
            "id": "r006-99097afb-7625-42a7-a472-ce608b6742a6",
            "name": "team-1-pgw-02-pgw",
            "resource_controller_url": "https://cloud.ibm.com/vpc-ext/network/publicGateways",
            "resource_crn": "crn:v1:bluemix:public:is:us-south-1:a/1b0834ebce7f4b94983d856f532ebfe2::public-gateway:r006-99097afb-7625-42a7-a472-ce608b6742a6",
            "resource_group": "1647f92e653742ad81d5a2a767cf61c1",
            "resource_group_name": "team-1-app1-rg",
            "resource_name": "team-1-pgw-02-pgw",
            "resource_status": "available",
            "status": "available",
            "tags": [],
            "timeouts": null,
            "vpc": "r006-bd3556e1-cd83-4778-b14e-87a9083139b4",
            "zone": "us-south-1"
          },
          "sensitive_attributes": [],
          "private": "eyJlMmJmYjczMC1lY2FhLTExZTYtOGY4OC0zNDM2M2JjN2M0YzAiOnsiY3JlYXRlIjo2MDAwMDAwMDAwMDAsImRlbGV0ZSI6NjAwMDAwMDAwMDAwfX0=",
          "dependencies": [
            "ibm_is_vpc.app1_vpc",
            "ibm_resource_group.app1_rg"
          ]
        }
      ]
    },
    {
      "mode": "managed",
      "type": "ibm_is_security_group",
      "name": "app1_app_sg",
      "provider": "provider[\"registry.terraform.io/ibm-cloud/ibm\"]",
      "instances": [
        {
          "schema_version": 0,
          "attributes": {
            "access_tags": [],
            "crn": "crn:v1:bluemix:public:is:us-south:a/1b0834ebce7f4b94983d856f532ebfe2::security-group:r006-292d4a62-1eb2-45d2-95d3-3ff4d804120b",
            "id": "r006-292d4a62-1eb2-45d2-95d3-3ff4d804120b",
            "name": "team-1-app1-app-sg",
            "resource_controller_url": "https://cloud.ibm.com/vpc-ext/network/securityGroups",
            "resource_crn": "crn:v1:bluemix:public:is:us-south:a/1b0834ebce7f4b94983d856f532ebfe2::security-group:r006-292d4a62-1eb2-45d2-95d3-3ff4d804120b",
            "resource_group": "1647f92e653742ad81d5a2a767cf61c1",
            "resource_group_name": "team-1-app1-rg",
            "resource_name": "team-1-app1-app-sg",
            "rules": [],
            "tags": [],
            "timeouts": null,
            "vpc": "r006-bd3556e1-cd83-4778-b14e-87a9083139b4"
          },
          "sensitive_attributes": [],
          "private": "eyJlMmJmYjczMC1lY2FhLTExZTYtOGY4OC0zNDM2M2JjN2M0YzAiOnsiY3JlYXRlIjo2MDAwMDAwMDAwMDAsImRlbGV0ZSI6NjAwMDAwMDAwMDAwfX0=",
          "dependencies": [
            "ibm_is_vpc.app1_vpc",
            "ibm_resource_group.app1_rg"
          ]
        }
      ]
    },
    {
      "mode": "managed",
      "type": "ibm_is_security_group",
      "name": "app1_db_sg",
      "provider": "provider[\"registry.terraform.io/ibm-cloud/ibm\"]",
      "instances": [
        {
          "schema_version": 0,
          "attributes": {
            "access_tags": [],
            "crn": "crn:v1:bluemix:public:is:us-south:a/1b0834ebce7f4b94983d856f532ebfe2::security-group:r006-195c1291-810f-4aa6-82f3-7dd39550118f",
            "id": "r006-195c1291-810f-4aa6-82f3-7dd39550118f",
            "name": "team-1-app1-db-sg",
            "resource_controller_url": "https://cloud.ibm.com/vpc-ext/network/securityGroups",
            "resource_crn": "crn:v1:bluemix:public:is:us-south:a/1b0834ebce7f4b94983d856f532ebfe2::security-group:r006-195c1291-810f-4aa6-82f3-7dd39550118f",
            "resource_group": "1647f92e653742ad81d5a2a767cf61c1",
            "resource_group_name": "team-1-app1-rg",
            "resource_name": "team-1-app1-db-sg",
            "rules": [],
            "tags": [],
            "timeouts": null,
            "vpc": "r006-bd3556e1-cd83-4778-b14e-87a9083139b4"
          },
          "sensitive_attributes": [],
          "private": "eyJlMmJmYjczMC1lY2FhLTExZTYtOGY4OC0zNDM2M2JjN2M0YzAiOnsiY3JlYXRlIjo2MDAwMDAwMDAwMDAsImRlbGV0ZSI6NjAwMDAwMDAwMDAwfX0=",
          "dependencies": [
            "ibm_is_vpc.app1_vpc",
            "ibm_resource_group.app1_rg"
          ]
        }
      ]
    },
    {
      "mode": "managed",
      "type": "ibm_is_security_group",
      "name": "app1_lb_sg",
      "provider": "provider[\"registry.terraform.io/ibm-cloud/ibm\"]",
      "instances": [
        {
          "schema_version": 0,
          "attributes": {
            "access_tags": [],
            "crn": "crn:v1:bluemix:public:is:us-south:a/1b0834ebce7f4b94983d856f532ebfe2::security-group:r006-28532f99-b4d1-48e5-8f87-7ff59b6269c5",
            "id": "r006-28532f99-b4d1-48e5-8f87-7ff59b6269c5",
            "name": "team-1-app1-lb-sg",
            "resource_controller_url": "https://cloud.ibm.com/vpc-ext/network/securityGroups",
            "resource_crn": "crn:v1:bluemix:public:is:us-south:a/1b0834ebce7f4b94983d856f532ebfe2::security-group:r006-28532f99-b4d1-48e5-8f87-7ff59b6269c5",
            "resource_group": "1647f92e653742ad81d5a2a767cf61c1",
            "resource_group_name": "team-1-app1-rg",
            "resource_name": "team-1-app1-lb-sg",
            "rules": [],
            "tags": [],
            "timeouts": null,
            "vpc": "r006-bd3556e1-cd83-4778-b14e-87a9083139b4"
          },
          "sensitive_attributes": [],
          "private": "eyJlMmJmYjczMC1lY2FhLTExZTYtOGY4OC0zNDM2M2JjN2M0YzAiOnsiY3JlYXRlIjo2MDAwMDAwMDAwMDAsImRlbGV0ZSI6NjAwMDAwMDAwMDAwfX0=",
          "dependencies": [
            "ibm_is_vpc.app1_vpc",
            "ibm_resource_group.app1_rg"
          ]
        }
      ]
    },
    {
      "mode": "managed",
      "type": "ibm_is_security_group",
      "name": "app1_web_sg",
      "provider": "provider[\"registry.terraform.io/ibm-cloud/ibm\"]",
      "instances": [
        {
          "schema_version": 0,
          "attributes": {
            "access_tags": [],
            "crn": "crn:v1:bluemix:public:is:us-south:a/1b0834ebce7f4b94983d856f532ebfe2::security-group:r006-7c473631-a257-4926-b898-54dee496ecbb",
            "id": "r006-7c473631-a257-4926-b898-54dee496ecbb",
            "name": "team-1-app1-web-sg",
            "resource_controller_url": "https://cloud.ibm.com/vpc-ext/network/securityGroups",
            "resource_crn": "crn:v1:bluemix:public:is:us-south:a/1b0834ebce7f4b94983d856f532ebfe2::security-group:r006-7c473631-a257-4926-b898-54dee496ecbb",
            "resource_group": "1647f92e653742ad81d5a2a767cf61c1",
            "resource_group_name": "team-1-app1-rg",
            "resource_name": "team-1-app1-web-sg",
            "rules": [],
            "tags": [],
            "timeouts": null,
            "vpc": "r006-bd3556e1-cd83-4778-b14e-87a9083139b4"
          },
          "sensitive_attributes": [],
          "private": "eyJlMmJmYjczMC1lY2FhLTExZTYtOGY4OC0zNDM2M2JjN2M0YzAiOnsiY3JlYXRlIjo2MDAwMDAwMDAwMDAsImRlbGV0ZSI6NjAwMDAwMDAwMDAwfX0=",
          "dependencies": [
            "ibm_is_vpc.app1_vpc",
            "ibm_resource_group.app1_rg"
          ]
        }
      ]
    },
    {
      "mode": "managed",
      "type": "ibm_is_security_group_rule",
      "name": "app_sg_inbound_app",
      "provider": "provider[\"registry.terraform.io/ibm-cloud/ibm\"]",
      "instances": [
        {
          "schema_version": 0,
          "attributes": {
            "direction": "inbound",
            "group": "r006-292d4a62-1eb2-45d2-95d3-3ff4d804120b",
            "icmp": [],
            "id": "r006-292d4a62-1eb2-45d2-95d3-3ff4d804120b.r006-b9503863-6585-414e-bb38-cdb3e88e33aa",
            "ip_version": "ipv4",
            "local": "10.1.4.64/26",
            "protocol": "tcp",
            "related_crn": "crn:v1:bluemix:public:is:us-south:a/1b0834ebce7f4b94983d856f532ebfe2::security-group:r006-292d4a62-1eb2-45d2-95d3-3ff4d804120b",
            "remote": "10.1.4.4",
            "rule_id": "r006-b9503863-6585-414e-bb38-cdb3e88e33aa",
            "tcp": [
              {
                "port_max": 3000,
                "port_min": 3000
              }
            ],
            "udp": []
          },
          "sensitive_attributes": [],
          "private": "bnVsbA==",
          "dependencies": [
            "ibm_is_network_acl.app1_acl",
            "ibm_is_public_gateway.pgw_02_pgw",
            "ibm_is_security_group.app1_app_sg",
            "ibm_is_subnet.app1_web_sn",
            "ibm_is_subnet_reserved_ip.web_01_rip",
            "ibm_is_vpc.app1_vpc",
            "ibm_resource_group.app1_rg"
          ]
        }
      ]
    },
    {
      "mode": "managed",
      "type": "ibm_is_security_group_rule",
      "name": "app_sg_inbound_ssh",
      "provider": "provider[\"registry.terraform.io/ibm-cloud/ibm\"]",
      "instances": [
        {
          "schema_version": 0,
          "attributes": {
            "direction": "inbound",
            "group": "r006-292d4a62-1eb2-45d2-95d3-3ff4d804120b",
            "icmp": [],
            "id": "r006-292d4a62-1eb2-45d2-95d3-3ff4d804120b.r006-acededcc-741a-46e1-8f98-db322d83c22f",
            "ip_version": "ipv4",
            "local": "10.1.4.64/26",
            "protocol": "tcp",
            "related_crn": "crn:v1:bluemix:public:is:us-south:a/1b0834ebce7f4b94983d856f532ebfe2::security-group:r006-292d4a62-1eb2-45d2-95d3-3ff4d804120b",
            "remote": "10.1.1.0/24",
            "rule_id": "r006-acededcc-741a-46e1-8f98-db322d83c22f",
            "tcp": [
              {
                "port_max": 22,
                "port_min": 22
              }
            ],
            "udp": []
          },
          "sensitive_attributes": [],
          "private": "bnVsbA==",
          "dependencies": [
            "ibm_is_security_group.app1_app_sg",
            "ibm_is_vpc.app1_vpc",
            "ibm_resource_group.app1_rg"
          ]
        }
      ]
    },
    {
      "mode": "managed",
      "type": "ibm_is_security_group_rule",
      "name": "app_sg_outbound",
      "provider": "provider[\"registry.terraform.io/ibm-cloud/ibm\"]",
      "instances": [
        {
          "schema_version": 0,
          "attributes": {
            "direction": "outbound",
            "group": "r006-292d4a62-1eb2-45d2-95d3-3ff4d804120b",
            "icmp": [],
            "id": "r006-292d4a62-1eb2-45d2-95d3-3ff4d804120b.r006-c08b12a9-7e5c-4374-adc4-13eb5aa9bcf4",
            "ip_version": "ipv4",
            "local": "0.0.0.0/0",
            "protocol": "all",
            "related_crn": "crn:v1:bluemix:public:is:us-south:a/1b0834ebce7f4b94983d856f532ebfe2::security-group:r006-292d4a62-1eb2-45d2-95d3-3ff4d804120b",
            "remote": "0.0.0.0/0",
            "rule_id": "r006-c08b12a9-7e5c-4374-adc4-13eb5aa9bcf4",
            "tcp": [],
            "udp": []
          },
          "sensitive_attributes": [],
          "private": "bnVsbA==",
          "dependencies": [
            "ibm_is_security_group.app1_app_sg",
            "ibm_is_vpc.app1_vpc",
            "ibm_resource_group.app1_rg"
          ]
        }
      ]
    },
    {
      "mode": "managed",
      "type": "ibm_is_security_group_rule",
      "name": "db_sg_inbound_db",
      "provider": "provider[\"registry.terraform.io/ibm-cloud/ibm\"]",
      "instances": [
        {
          "schema_version": 0,
          "attributes": {
            "direction": "inbound",
            "group": "r006-195c1291-810f-4aa6-82f3-7dd39550118f",
            "icmp": [],
            "id": "r006-195c1291-810f-4aa6-82f3-7dd39550118f.r006-51976268-7b98-4196-8c48-dd5083c4ac1c",
            "ip_version": "ipv4",
            "local": "10.1.4.128/26",
            "protocol": "tcp",
            "related_crn": "crn:v1:bluemix:public:is:us-south:a/1b0834ebce7f4b94983d856f532ebfe2::security-group:r006-195c1291-810f-4aa6-82f3-7dd39550118f",
            "remote": "10.1.4.68",
            "rule_id": "r006-51976268-7b98-4196-8c48-dd5083c4ac1c",
            "tcp": [
              {
                "port_max": 3306,
                "port_min": 3306
              }
            ],
            "udp": []
          },
          "sensitive_attributes": [],
          "private": "bnVsbA==",
          "dependencies": [
            "ibm_is_network_acl.app1_acl",
            "ibm_is_public_gateway.pgw_02_pgw",
            "ibm_is_security_group.app1_db_sg",
            "ibm_is_subnet.app1_app_sn",
            "ibm_is_subnet_reserved_ip.app_01_rip",
            "ibm_is_vpc.app1_vpc",
            "ibm_resource_group.app1_rg"
          ]
        }
      ]
    },
    {
      "mode": "managed",
      "type": "ibm_is_security_group_rule",
      "name": "db_sg_inbound_ssh",
      "provider": "provider[\"registry.terraform.io/ibm-cloud/ibm\"]",
      "instances": [
        {
          "schema_version": 0,
          "attributes": {
            "direction": "inbound",
            "group": "r006-195c1291-810f-4aa6-82f3-7dd39550118f",
            "icmp": [],
            "id": "r006-195c1291-810f-4aa6-82f3-7dd39550118f.r006-be00f061-d8c0-493d-bed9-444c421da2c4",
            "ip_version": "ipv4",
            "local": "10.1.4.128/26",
            "protocol": "tcp",
            "related_crn": "crn:v1:bluemix:public:is:us-south:a/1b0834ebce7f4b94983d856f532ebfe2::security-group:r006-195c1291-810f-4aa6-82f3-7dd39550118f",
            "remote": "10.1.1.0/24",
            "rule_id": "r006-be00f061-d8c0-493d-bed9-444c421da2c4",
            "tcp": [
              {
                "port_max": 22,
                "port_min": 22
              }
            ],
            "udp": []
          },
          "sensitive_attributes": [],
          "private": "bnVsbA==",
          "dependencies": [
            "ibm_is_security_group.app1_db_sg",
            "ibm_is_vpc.app1_vpc",
            "ibm_resource_group.app1_rg"
          ]
        }
      ]
    },
    {
      "mode": "managed",
      "type": "ibm_is_security_group_rule",
      "name": "db_sg_outbound",
      "provider": "provider[\"registry.terraform.io/ibm-cloud/ibm\"]",
      "instances": [
        {
          "schema_version": 0,
          "attributes": {
            "direction": "outbound",
            "group": "r006-195c1291-810f-4aa6-82f3-7dd39550118f",
            "icmp": [],
            "id": "r006-195c1291-810f-4aa6-82f3-7dd39550118f.r006-dfe4df4d-8373-47cd-99d4-3fbceb1a4da6",
            "ip_version": "ipv4",
            "local": "0.0.0.0/0",
            "protocol": "all",
            "related_crn": "crn:v1:bluemix:public:is:us-south:a/1b0834ebce7f4b94983d856f532ebfe2::security-group:r006-195c1291-810f-4aa6-82f3-7dd39550118f",
            "remote": "0.0.0.0/0",
            "rule_id": "r006-dfe4df4d-8373-47cd-99d4-3fbceb1a4da6",
            "tcp": [],
            "udp": []
          },
          "sensitive_attributes": [],
          "private": "bnVsbA==",
          "dependencies": [
            "ibm_is_security_group.app1_db_sg",
            "ibm_is_vpc.app1_vpc",
            "ibm_resource_group.app1_rg"
          ]
        }
      ]
    },
    {
      "mode": "managed",
      "type": "ibm_is_security_group_rule",
      "name": "lb_sg_inbound_http",
      "provider": "provider[\"registry.terraform.io/ibm-cloud/ibm\"]",
      "instances": [
        {
          "schema_version": 0,
          "attributes": {
            "direction": "inbound",
            "group": "r006-28532f99-b4d1-48e5-8f87-7ff59b6269c5",
            "icmp": [],
            "id": "r006-28532f99-b4d1-48e5-8f87-7ff59b6269c5.r006-a901b21b-2924-414e-9cb1-bf2625d4c5a4",
            "ip_version": "ipv4",
            "local": "10.1.4.0/26",
            "protocol": "tcp",
            "related_crn": "crn:v1:bluemix:public:is:us-south:a/1b0834ebce7f4b94983d856f532ebfe2::security-group:r006-28532f99-b4d1-48e5-8f87-7ff59b6269c5",
            "remote": "0.0.0.0/0",
            "rule_id": "r006-a901b21b-2924-414e-9cb1-bf2625d4c5a4",
            "tcp": [
              {
                "port_max": 80,
                "port_min": 80
              }
            ],
            "udp": []
          },
          "sensitive_attributes": [],
          "private": "bnVsbA==",
          "dependencies": [
            "ibm_is_security_group.app1_lb_sg",
            "ibm_is_vpc.app1_vpc",
            "ibm_resource_group.app1_rg"
          ]
        }
      ]
    },
    {
      "mode": "managed",
      "type": "ibm_is_security_group_rule",
      "name": "lb_sg_outbound",
      "provider": "provider[\"registry.terraform.io/ibm-cloud/ibm\"]",
      "instances": [
        {
          "schema_version": 0,
          "attributes": {
            "direction": "inbound",
            "group": "r006-28532f99-b4d1-48e5-8f87-7ff59b6269c5",
            "icmp": [],
            "id": "r006-28532f99-b4d1-48e5-8f87-7ff59b6269c5.r006-c30c7526-f3fc-4ce9-9324-ab3f07ea7dd3",
            "ip_version": "ipv4",
            "local": "0.0.0.0/0",
            "protocol": "all",
            "related_crn": "crn:v1:bluemix:public:is:us-south:a/1b0834ebce7f4b94983d856f532ebfe2::security-group:r006-28532f99-b4d1-48e5-8f87-7ff59b6269c5",
            "remote": "0.0.0.0/0",
            "rule_id": "r006-c30c7526-f3fc-4ce9-9324-ab3f07ea7dd3",
            "tcp": [],
            "udp": []
          },
          "sensitive_attributes": [],
          "private": "bnVsbA==",
          "dependencies": [
            "ibm_is_security_group.app1_lb_sg",
            "ibm_is_vpc.app1_vpc",
            "ibm_resource_group.app1_rg"
          ]
        }
      ]
    },
    {
      "mode": "managed",
      "type": "ibm_is_security_group_rule",
      "name": "web_sg_inbound_http",
      "provider": "provider[\"registry.terraform.io/ibm-cloud/ibm\"]",
      "instances": [
        {
          "schema_version": 0,
          "attributes": {
            "direction": "inbound",
            "group": "r006-7c473631-a257-4926-b898-54dee496ecbb",
            "icmp": [],
            "id": "r006-7c473631-a257-4926-b898-54dee496ecbb.r006-b29d2b51-e771-4550-a308-1ea78f86cad5",
            "ip_version": "ipv4",
            "local": "10.1.4.0/26",
            "protocol": "tcp",
            "related_crn": "crn:v1:bluemix:public:is:us-south:a/1b0834ebce7f4b94983d856f532ebfe2::security-group:r006-7c473631-a257-4926-b898-54dee496ecbb",
            "remote": "0.0.0.0/0",
            "rule_id": "r006-b29d2b51-e771-4550-a308-1ea78f86cad5",
            "tcp": [
              {
                "port_max": 80,
                "port_min": 80
              }
            ],
            "udp": []
          },
          "sensitive_attributes": [],
          "private": "bnVsbA==",
          "dependencies": [
            "ibm_is_security_group.app1_web_sg",
            "ibm_is_vpc.app1_vpc",
            "ibm_resource_group.app1_rg"
          ]
        }
      ]
    },
    {
      "mode": "managed",
      "type": "ibm_is_security_group_rule",
      "name": "web_sg_inbound_https",
      "provider": "provider[\"registry.terraform.io/ibm-cloud/ibm\"]",
      "instances": [
        {
          "schema_version": 0,
          "attributes": {
            "direction": "inbound",
            "group": "r006-7c473631-a257-4926-b898-54dee496ecbb",
            "icmp": [],
            "id": "r006-7c473631-a257-4926-b898-54dee496ecbb.r006-6b31b914-8761-4604-b143-031938004c01",
            "ip_version": "ipv4",
            "local": "10.1.4.0/26",
            "protocol": "tcp",
            "related_crn": "crn:v1:bluemix:public:is:us-south:a/1b0834ebce7f4b94983d856f532ebfe2::security-group:r006-7c473631-a257-4926-b898-54dee496ecbb",
            "remote": "0.0.0.0/0",
            "rule_id": "r006-6b31b914-8761-4604-b143-031938004c01",
            "tcp": [
              {
                "port_max": 443,
                "port_min": 443
              }
            ],
            "udp": []
          },
          "sensitive_attributes": [],
          "private": "bnVsbA==",
          "dependencies": [
            "ibm_is_security_group.app1_web_sg",
            "ibm_is_vpc.app1_vpc",
            "ibm_resource_group.app1_rg"
          ]
        }
      ]
    },
    {
      "mode": "managed",
      "type": "ibm_is_security_group_rule",
      "name": "web_sg_inbound_ssh",
      "provider": "provider[\"registry.terraform.io/ibm-cloud/ibm\"]",
      "instances": [
        {
          "schema_version": 0,
          "attributes": {
            "direction": "inbound",
            "group": "r006-7c473631-a257-4926-b898-54dee496ecbb",
            "icmp": [],
            "id": "r006-7c473631-a257-4926-b898-54dee496ecbb.r006-523a69f2-3988-44e0-a54e-8397a49a709b",
            "ip_version": "ipv4",
            "local": "10.1.4.0/26",
            "protocol": "tcp",
            "related_crn": "crn:v1:bluemix:public:is:us-south:a/1b0834ebce7f4b94983d856f532ebfe2::security-group:r006-7c473631-a257-4926-b898-54dee496ecbb",
            "remote": "10.1.1.0/24",
            "rule_id": "r006-523a69f2-3988-44e0-a54e-8397a49a709b",
            "tcp": [
              {
                "port_max": 22,
                "port_min": 22
              }
            ],
            "udp": []
          },
          "sensitive_attributes": [],
          "private": "bnVsbA==",
          "dependencies": [
            "ibm_is_security_group.app1_web_sg",
            "ibm_is_vpc.app1_vpc",
            "ibm_resource_group.app1_rg"
          ]
        }
      ]
    },
    {
      "mode": "managed",
      "type": "ibm_is_security_group_rule",
      "name": "web_sg_outbound",
      "provider": "provider[\"registry.terraform.io/ibm-cloud/ibm\"]",
      "instances": [
        {
          "schema_version": 0,
          "attributes": {
            "direction": "outbound",
            "group": "r006-7c473631-a257-4926-b898-54dee496ecbb",
            "icmp": [],
            "id": "r006-7c473631-a257-4926-b898-54dee496ecbb.r006-f8e4ea09-0205-4f84-9003-2692942296d7",
            "ip_version": "ipv4",
            "local": "0.0.0.0/0",
            "protocol": "all",
            "related_crn": "crn:v1:bluemix:public:is:us-south:a/1b0834ebce7f4b94983d856f532ebfe2::security-group:r006-7c473631-a257-4926-b898-54dee496ecbb",
            "remote": "0.0.0.0/0",
            "rule_id": "r006-f8e4ea09-0205-4f84-9003-2692942296d7",
            "tcp": [],
            "udp": []
          },
          "sensitive_attributes": [],
          "private": "bnVsbA==",
          "dependencies": [
            "ibm_is_security_group.app1_web_sg",
            "ibm_is_vpc.app1_vpc",
            "ibm_resource_group.app1_rg"
          ]
        }
      ]
    },
    {
      "mode": "managed",
      "type": "ibm_is_subnet",
      "name": "app1_app_sn",
      "provider": "provider[\"registry.terraform.io/ibm-cloud/ibm\"]",
      "instances": [
        {
          "schema_version": 0,
          "attributes": {
            "access_tags": [],
            "available_ipv4_address_count": 59,
            "crn": "crn:v1:bluemix:public:is:us-south-1:a/1b0834ebce7f4b94983d856f532ebfe2::subnet:0717-e15a5a80-b7fa-4243-9881-91363addb412",
            "id": "0717-e15a5a80-b7fa-4243-9881-91363addb412",
            "ip_version": "ipv4",
            "ipv4_cidr_block": "10.1.4.64/26",
            "name": "team-1-app1-app-sn",
            "network_acl": "r006-7dc88adb-50c0-4691-87aa-a1a880a55429",
            "public_gateway": "r006-99097afb-7625-42a7-a472-ce608b6742a6",
            "resource_controller_url": "https://cloud.ibm.com/vpc-ext/network/subnets",
            "resource_crn": "crn:v1:bluemix:public:is:us-south-1:a/1b0834ebce7f4b94983d856f532ebfe2::subnet:0717-e15a5a80-b7fa-4243-9881-91363addb412",
            "resource_group": "1647f92e653742ad81d5a2a767cf61c1",
            "resource_group_name": "team-1-app1-rg",
            "resource_name": "team-1-app1-app-sn",
            "resource_status": "available",
            "routing_table": "r006-35225051-e79d-49e4-8ad5-aa285d8665ef",
            "routing_table_crn": "crn:v1:bluemix:public:is:us-south:a/1b0834ebce7f4b94983d856f532ebfe2::vpc-routing-table:r006-bd3556e1-cd83-4778-b14e-87a9083139b4/r006-35225051-e79d-49e4-8ad5-aa285d8665ef",
            "status": "available",
            "tags": [],
            "timeouts": null,
            "total_ipv4_address_count": 64,
            "vpc": "r006-bd3556e1-cd83-4778-b14e-87a9083139b4",
            "zone": "us-south-1"
          },
          "sensitive_attributes": [],
          "private": "eyJlMmJmYjczMC1lY2FhLTExZTYtOGY4OC0zNDM2M2JjN2M0YzAiOnsiY3JlYXRlIjo2MDAwMDAwMDAwMDAsImRlbGV0ZSI6NjAwMDAwMDAwMDAwLCJ1cGRhdGUiOjYwMDAwMDAwMDAwMH19",
          "dependencies": [
            "ibm_is_network_acl.app1_acl",
            "ibm_is_public_gateway.pgw_02_pgw",
            "ibm_is_vpc.app1_vpc",
            "ibm_resource_group.app1_rg"
          ]
        }
      ]
    },
    {
      "mode": "managed",
      "type": "ibm_is_subnet",
      "name": "app1_db_sn",
      "provider": "provider[\"registry.terraform.io/ibm-cloud/ibm\"]",
      "instances": [
        {
          "schema_version": 0,
          "attributes": {
            "access_tags": [],
            "available_ipv4_address_count": 59,
            "crn": "crn:v1:bluemix:public:is:us-south-1:a/1b0834ebce7f4b94983d856f532ebfe2::subnet:0717-fc9c8277-8e37-4ad8-9408-be63c1f61ade",
            "id": "0717-fc9c8277-8e37-4ad8-9408-be63c1f61ade",
            "ip_version": "ipv4",
            "ipv4_cidr_block": "10.1.4.128/26",
            "name": "team-1-app1-db-sn",
            "network_acl": "r006-7dc88adb-50c0-4691-87aa-a1a880a55429",
            "public_gateway": "r006-99097afb-7625-42a7-a472-ce608b6742a6",
            "resource_controller_url": "https://cloud.ibm.com/vpc-ext/network/subnets",
            "resource_crn": "crn:v1:bluemix:public:is:us-south-1:a/1b0834ebce7f4b94983d856f532ebfe2::subnet:0717-fc9c8277-8e37-4ad8-9408-be63c1f61ade",
            "resource_group": "28b0e7d18da9417ea85b2ba308088657",
            "resource_group_name": "Default",
            "resource_name": "team-1-app1-db-sn",
            "resource_status": "available",
            "routing_table": "r006-35225051-e79d-49e4-8ad5-aa285d8665ef",
            "routing_table_crn": "crn:v1:bluemix:public:is:us-south:a/1b0834ebce7f4b94983d856f532ebfe2::vpc-routing-table:r006-bd3556e1-cd83-4778-b14e-87a9083139b4/r006-35225051-e79d-49e4-8ad5-aa285d8665ef",
            "status": "available",
            "tags": [],
            "timeouts": null,
            "total_ipv4_address_count": 64,
            "vpc": "r006-bd3556e1-cd83-4778-b14e-87a9083139b4",
            "zone": "us-south-1"
          },
          "sensitive_attributes": [],
          "private": "eyJlMmJmYjczMC1lY2FhLTExZTYtOGY4OC0zNDM2M2JjN2M0YzAiOnsiY3JlYXRlIjo2MDAwMDAwMDAwMDAsImRlbGV0ZSI6NjAwMDAwMDAwMDAwLCJ1cGRhdGUiOjYwMDAwMDAwMDAwMH19",
          "dependencies": [
            "ibm_is_network_acl.app1_acl",
            "ibm_is_public_gateway.pgw_02_pgw",
            "ibm_is_vpc.app1_vpc",
            "ibm_resource_group.app1_rg"
          ]
        }
      ]
    },
    {
      "mode": "managed",
      "type": "ibm_is_subnet",
      "name": "app1_web_sn",
      "provider": "provider[\"registry.terraform.io/ibm-cloud/ibm\"]",
      "instances": [
        {
          "schema_version": 0,
          "attributes": {
            "access_tags": [],
            "available_ipv4_address_count": 59,
            "crn": "crn:v1:bluemix:public:is:us-south-1:a/1b0834ebce7f4b94983d856f532ebfe2::subnet:0717-7f8b39d6-0620-4507-8c4c-2f628ac2e0fe",
            "id": "0717-7f8b39d6-0620-4507-8c4c-2f628ac2e0fe",
            "ip_version": "ipv4",
            "ipv4_cidr_block": "10.1.4.0/26",
            "name": "team-1-app1-web-sn",
            "network_acl": "r006-7dc88adb-50c0-4691-87aa-a1a880a55429",
            "public_gateway": "r006-99097afb-7625-42a7-a472-ce608b6742a6",
            "resource_controller_url": "https://cloud.ibm.com/vpc-ext/network/subnets",
            "resource_crn": "crn:v1:bluemix:public:is:us-south-1:a/1b0834ebce7f4b94983d856f532ebfe2::subnet:0717-7f8b39d6-0620-4507-8c4c-2f628ac2e0fe",
            "resource_group": "1647f92e653742ad81d5a2a767cf61c1",
            "resource_group_name": "team-1-app1-rg",
            "resource_name": "team-1-app1-web-sn",
            "resource_status": "available",
            "routing_table": "r006-35225051-e79d-49e4-8ad5-aa285d8665ef",
            "routing_table_crn": "crn:v1:bluemix:public:is:us-south:a/1b0834ebce7f4b94983d856f532ebfe2::vpc-routing-table:r006-bd3556e1-cd83-4778-b14e-87a9083139b4/r006-35225051-e79d-49e4-8ad5-aa285d8665ef",
            "status": "available",
            "tags": [],
            "timeouts": null,
            "total_ipv4_address_count": 64,
            "vpc": "r006-bd3556e1-cd83-4778-b14e-87a9083139b4",
            "zone": "us-south-1"
          },
          "sensitive_attributes": [],
          "private": "eyJlMmJmYjczMC1lY2FhLTExZTYtOGY4OC0zNDM2M2JjN2M0YzAiOnsiY3JlYXRlIjo2MDAwMDAwMDAwMDAsImRlbGV0ZSI6NjAwMDAwMDAwMDAwLCJ1cGRhdGUiOjYwMDAwMDAwMDAwMH19",
          "dependencies": [
            "ibm_is_network_acl.app1_acl",
            "ibm_is_public_gateway.pgw_02_pgw",
            "ibm_is_vpc.app1_vpc",
            "ibm_resource_group.app1_rg"
          ]
        }
      ]
    },
    {
      "mode": "managed",
      "type": "ibm_is_subnet_reserved_ip",
      "name": "app_01_rip",
      "provider": "provider[\"registry.terraform.io/ibm-cloud/ibm\"]",
      "instances": [
        {
          "schema_version": 0,
          "attributes": {
            "address": "10.1.4.68",
            "auto_delete": false,
            "created_at": "2025-05-25T19:55:01.000Z",
            "href": "https://us-south.iaas.cloud.ibm.com/v1/subnets/0717-e15a5a80-b7fa-4243-9881-91363addb412/reserved_ips/0717-c3752bb3-26d3-4cc8-ade9-e4b595edb9af",
            "id": "0717-e15a5a80-b7fa-4243-9881-91363addb412/0717-c3752bb3-26d3-4cc8-ade9-e4b595edb9af",
            "lifecycle_state": "stable",
            "name": "team-1-app-01-rip",
            "owner": "user",
            "reserved_ip": "0717-c3752bb3-26d3-4cc8-ade9-e4b595edb9af",
            "resource_type": "subnet_reserved_ip",
            "subnet": "0717-e15a5a80-b7fa-4243-9881-91363addb412",
            "target": null,
            "target_crn": null,
            "timeouts": null
          },
          "sensitive_attributes": [],
          "private": "eyJlMmJmYjczMC1lY2FhLTExZTYtOGY4OC0zNDM2M2JjN2M0YzAiOnsiY3JlYXRlIjo2MDAwMDAwMDAwMDAsImRlbGV0ZSI6NjAwMDAwMDAwMDAwfX0=",
          "dependencies": [
            "ibm_is_network_acl.app1_acl",
            "ibm_is_public_gateway.pgw_02_pgw",
            "ibm_is_subnet.app1_app_sn",
            "ibm_is_vpc.app1_vpc",
            "ibm_resource_group.app1_rg"
          ]
        }
      ]
    },
    {
      "mode": "managed",
      "type": "ibm_is_subnet_reserved_ip",
      "name": "db_01_rip",
      "provider": "provider[\"registry.terraform.io/ibm-cloud/ibm\"]",
      "instances": [
        {
          "schema_version": 0,
          "attributes": {
            "address": "10.1.4.132",
            "auto_delete": false,
            "created_at": "2025-05-25T19:55:14.000Z",
            "href": "https://us-south.iaas.cloud.ibm.com/v1/subnets/0717-fc9c8277-8e37-4ad8-9408-be63c1f61ade/reserved_ips/0717-84e50850-56f6-45ba-9640-5a1e3c05f534",
            "id": "0717-fc9c8277-8e37-4ad8-9408-be63c1f61ade/0717-84e50850-56f6-45ba-9640-5a1e3c05f534",
            "lifecycle_state": "stable",
            "name": "team-1-db-01-rip",
            "owner": "user",
            "reserved_ip": "0717-84e50850-56f6-45ba-9640-5a1e3c05f534",
            "resource_type": "subnet_reserved_ip",
            "subnet": "0717-fc9c8277-8e37-4ad8-9408-be63c1f61ade",
            "target": null,
            "target_crn": null,
            "timeouts": null
          },
          "sensitive_attributes": [],
          "private": "eyJlMmJmYjczMC1lY2FhLTExZTYtOGY4OC0zNDM2M2JjN2M0YzAiOnsiY3JlYXRlIjo2MDAwMDAwMDAwMDAsImRlbGV0ZSI6NjAwMDAwMDAwMDAwfX0=",
          "dependencies": [
            "ibm_is_network_acl.app1_acl",
            "ibm_is_public_gateway.pgw_02_pgw",
            "ibm_is_subnet.app1_db_sn",
            "ibm_is_vpc.app1_vpc",
            "ibm_resource_group.app1_rg"
          ]
        }
      ]
    },
    {
      "mode": "managed",
      "type": "ibm_is_subnet_reserved_ip",
      "name": "web_01_rip",
      "provider": "provider[\"registry.terraform.io/ibm-cloud/ibm\"]",
      "instances": [
        {
          "schema_version": 0,
          "attributes": {
            "address": "10.1.4.4",
            "auto_delete": false,
            "created_at": "2025-05-25T19:54:49.000Z",
            "href": "https://us-south.iaas.cloud.ibm.com/v1/subnets/0717-7f8b39d6-0620-4507-8c4c-2f628ac2e0fe/reserved_ips/0717-624e42dc-326e-4d25-8adc-858e78c57830",
            "id": "0717-7f8b39d6-0620-4507-8c4c-2f628ac2e0fe/0717-624e42dc-326e-4d25-8adc-858e78c57830",
            "lifecycle_state": "stable",
            "name": "team-1-web-01-rip",
            "owner": "user",
            "reserved_ip": "0717-624e42dc-326e-4d25-8adc-858e78c57830",
            "resource_type": "subnet_reserved_ip",
            "subnet": "0717-7f8b39d6-0620-4507-8c4c-2f628ac2e0fe",
            "target": null,
            "target_crn": null,
            "timeouts": null
          },
          "sensitive_attributes": [],
          "private": "eyJlMmJmYjczMC1lY2FhLTExZTYtOGY4OC0zNDM2M2JjN2M0YzAiOnsiY3JlYXRlIjo2MDAwMDAwMDAwMDAsImRlbGV0ZSI6NjAwMDAwMDAwMDAwfX0=",
          "dependencies": [
            "ibm_is_network_acl.app1_acl",
            "ibm_is_public_gateway.pgw_02_pgw",
            "ibm_is_subnet.app1_web_sn",
            "ibm_is_vpc.app1_vpc",
            "ibm_resource_group.app1_rg"
          ]
        }
      ]
    },
    {
      "mode": "managed",
      "type": "ibm_is_subnet_routing_table_attachment",
      "name": "app_subnet_routing",
      "provider": "provider[\"registry.terraform.io/ibm-cloud/ibm\"]",
      "instances": [
        {
          "schema_version": 0,
          "attributes": {
            "id": "0717-e15a5a80-b7fa-4243-9881-91363addb412",
            "is_default": false,
            "lifecycle_state": "stable",
            "name": "team-1-app1-app-routes",
            "resource_group": [
              {
                "href": "https://resource-controller.cloud.ibm.com/v2/resource_groups/1647f92e653742ad81d5a2a767cf61c1",
                "id": "1647f92e653742ad81d5a2a767cf61c1",
                "name": "team-1-app1-rg"
              }
            ],
            "resource_type": "routing_table",
            "route_direct_link_ingress": false,
            "route_transit_gateway_ingress": false,
            "route_vpc_zone_ingress": false,
            "routes": [
              {
                "id": "r006-82ac36fd-6c7d-48fe-8d78-23acd1bc0a89",
                "name": "allow-app-to-web"
              },
              {
                "id": "r006-17ccbe63-bf00-46fd-b5c5-2c84fcf04bb5",
                "name": "allow-app-to-db"
              }
            ],
            "routing_table": "r006-59283329-2b53-4a5d-8e81-b50d56141dad",
            "routing_table_crn": "crn:v1:bluemix:public:is:us-south:a/1b0834ebce7f4b94983d856f532ebfe2::vpc-routing-table:r006-bd3556e1-cd83-4778-b14e-87a9083139b4/r006-59283329-2b53-4a5d-8e81-b50d56141dad",
            "subnet": "0717-e15a5a80-b7fa-4243-9881-91363addb412",
            "subnets": [
              {
                "id": "0717-e15a5a80-b7fa-4243-9881-91363addb412",
                "name": "team-1-app1-app-sn"
              }
            ],
            "timeouts": null
          },
          "sensitive_attributes": [],
          "private": "eyJlMmJmYjczMC1lY2FhLTExZTYtOGY4OC0zNDM2M2JjN2M0YzAiOnsiY3JlYXRlIjo2MDAwMDAwMDAwMDAsImRlbGV0ZSI6NjAwMDAwMDAwMDAwLCJ1cGRhdGUiOjYwMDAwMDAwMDAwMH19",
          "dependencies": [
            "ibm_is_network_acl.app1_acl",
            "ibm_is_public_gateway.pgw_02_pgw",
            "ibm_is_subnet.app1_app_sn",
            "ibm_is_vpc.app1_vpc",
            "ibm_is_vpc_routing_table.app_route_table",
            "ibm_resource_group.app1_rg"
          ]
        }
      ]
    },
    {
      "mode": "managed",
      "type": "ibm_is_subnet_routing_table_attachment",
      "name": "db_subnet_routing",
      "provider": "provider[\"registry.terraform.io/ibm-cloud/ibm\"]",
      "instances": [
        {
          "schema_version": 0,
          "attributes": {
            "id": "0717-fc9c8277-8e37-4ad8-9408-be63c1f61ade",
            "is_default": false,
            "lifecycle_state": "stable",
            "name": "team-1-app1-db-routes",
            "resource_group": [
              {
                "href": "https://resource-controller.cloud.ibm.com/v2/resource_groups/1647f92e653742ad81d5a2a767cf61c1",
                "id": "1647f92e653742ad81d5a2a767cf61c1",
                "name": "team-1-app1-rg"
              }
            ],
            "resource_type": "routing_table",
            "route_direct_link_ingress": false,
            "route_transit_gateway_ingress": false,
            "route_vpc_zone_ingress": false,
            "routes": [
              {
                "id": "r006-bd6d7acf-2271-42af-b710-4145a723df79",
                "name": "allow-db-to-app"
              },
              {
                "id": "r006-1814df83-6083-4e35-b9e9-ca014fccd89b",
                "name": "block-internet-access"
              }
            ],
            "routing_table": "r006-3c6b7091-175f-41dd-984f-5cf6eadaa3d7",
            "routing_table_crn": "crn:v1:bluemix:public:is:us-south:a/1b0834ebce7f4b94983d856f532ebfe2::vpc-routing-table:r006-bd3556e1-cd83-4778-b14e-87a9083139b4/r006-3c6b7091-175f-41dd-984f-5cf6eadaa3d7",
            "subnet": "0717-fc9c8277-8e37-4ad8-9408-be63c1f61ade",
            "subnets": [
              {
                "id": "0717-fc9c8277-8e37-4ad8-9408-be63c1f61ade",
                "name": "team-1-app1-db-sn"
              }
            ],
            "timeouts": null
          },
          "sensitive_attributes": [],
          "private": "eyJlMmJmYjczMC1lY2FhLTExZTYtOGY4OC0zNDM2M2JjN2M0YzAiOnsiY3JlYXRlIjo2MDAwMDAwMDAwMDAsImRlbGV0ZSI6NjAwMDAwMDAwMDAwLCJ1cGRhdGUiOjYwMDAwMDAwMDAwMH19",
          "dependencies": [
            "ibm_is_network_acl.app1_acl",
            "ibm_is_public_gateway.pgw_02_pgw",
            "ibm_is_subnet.app1_db_sn",
            "ibm_is_vpc.app1_vpc",
            "ibm_is_vpc_routing_table.db_route_table",
            "ibm_resource_group.app1_rg"
          ]
        }
      ]
    },
    {
      "mode": "managed",
      "type": "ibm_is_virtual_network_interface",
      "name": "app_01_vni",
      "provider": "provider[\"registry.terraform.io/ibm-cloud/ibm\"]",
      "instances": [
        {
          "schema_version": 0,
          "attributes": {
            "access_tags": [],
            "allow_ip_spoofing": false,
            "auto_delete": false,
            "created_at": "2025-05-25T19:55:12.000Z",
            "crn": "crn:v1:bluemix:public:is:us-south-1:a/1b0834ebce7f4b94983d856f532ebfe2::virtual-network-interface:0717-ed3bd4db-5fc7-4866-ba4b-da9d1e132bdb",
            "enable_infrastructure_nat": true,
            "href": "https://us-south.iaas.cloud.ibm.com/v1/virtual_network_interfaces/0717-ed3bd4db-5fc7-4866-ba4b-da9d1e132bdb",
            "id": "0717-ed3bd4db-5fc7-4866-ba4b-da9d1e132bdb",
            "ips": [],
            "lifecycle_state": "stable",
            "mac_address": "02:00:01:C3:C0:91",
            "name": "team-1-app-01-vni",
            "primary_ip": [
              {
                "address": "10.1.4.69",
                "auto_delete": true,
                "deleted": [],
                "href": "https://us-south.iaas.cloud.ibm.com/v1/subnets/0717-e15a5a80-b7fa-4243-9881-91363addb412/reserved_ips/0717-6f9cb65b-d70b-4319-9781-d387d44b2625",
                "name": "gliding-musty-dispersal-probable",
                "reserved_ip": "0717-6f9cb65b-d70b-4319-9781-d387d44b2625",
                "resource_type": "subnet_reserved_ip"
              }
            ],
            "protocol_state_filtering_mode": "auto",
            "resource_group": "28b0e7d18da9417ea85b2ba308088657",
            "resource_type": "virtual_network_interface",
            "security_groups": [
              "r006-292d4a62-1eb2-45d2-95d3-3ff4d804120b"
            ],
            "subnet": "0717-e15a5a80-b7fa-4243-9881-91363addb412",
            "tags": [],
            "target": [],
            "timeouts": null,
            "vpc": [
              {
                "crn": "crn:v1:bluemix:public:is:us-south:a/1b0834ebce7f4b94983d856f532ebfe2::vpc:r006-bd3556e1-cd83-4778-b14e-87a9083139b4",
                "deleted": [],
                "href": "https://us-south.iaas.cloud.ibm.com/v1/vpcs/r006-bd3556e1-cd83-4778-b14e-87a9083139b4",
                "id": "r006-bd3556e1-cd83-4778-b14e-87a9083139b4",
                "name": "team-1-app1-vpc",
                "resource_type": "vpc"
              }
            ],
            "zone": "us-south-1"
          },
          "sensitive_attributes": [],
          "private": "eyJlMmJmYjczMC1lY2FhLTExZTYtOGY4OC0zNDM2M2JjN2M0YzAiOnsiY3JlYXRlIjo2MDAwMDAwMDAwMDAsImRlbGV0ZSI6NjAwMDAwMDAwMDAwLCJ1cGRhdGUiOjYwMDAwMDAwMDAwMH19",
          "dependencies": [
            "ibm_is_network_acl.app1_acl",
            "ibm_is_public_gateway.pgw_02_pgw",
            "ibm_is_security_group.app1_app_sg",
            "ibm_is_subnet.app1_app_sn",
            "ibm_is_subnet_reserved_ip.app_01_rip",
            "ibm_is_vpc.app1_vpc",
            "ibm_resource_group.app1_rg"
          ]
        }
      ]
    },
    {
      "mode": "managed",
      "type": "ibm_is_virtual_network_interface",
      "name": "db_01_vni",
      "provider": "provider[\"registry.terraform.io/ibm-cloud/ibm\"]",
      "instances": [
        {
          "schema_version": 0,
          "attributes": {
            "access_tags": [],
            "allow_ip_spoofing": false,
            "auto_delete": false,
            "created_at": "2025-05-25T19:55:25.000Z",
            "crn": "crn:v1:bluemix:public:is:us-south-1:a/1b0834ebce7f4b94983d856f532ebfe2::virtual-network-interface:0717-fb0b5baa-f27b-4e5d-b379-4318aefb81f0",
            "enable_infrastructure_nat": true,
            "href": "https://us-south.iaas.cloud.ibm.com/v1/virtual_network_interfaces/0717-fb0b5baa-f27b-4e5d-b379-4318aefb81f0",
            "id": "0717-fb0b5baa-f27b-4e5d-b379-4318aefb81f0",
            "ips": [],
            "lifecycle_state": "stable",
            "mac_address": "02:00:01:C3:C0:93",
            "name": "team-1-db-01-vni",
            "primary_ip": [
              {
                "address": "10.1.4.133",
                "auto_delete": true,
                "deleted": [],
                "href": "https://us-south.iaas.cloud.ibm.com/v1/subnets/0717-fc9c8277-8e37-4ad8-9408-be63c1f61ade/reserved_ips/0717-691f263a-5769-4dd6-bf77-9a83b5db4c81",
                "name": "monopoly-pacifism-diploma-congeal",
                "reserved_ip": "0717-691f263a-5769-4dd6-bf77-9a83b5db4c81",
                "resource_type": "subnet_reserved_ip"
              }
            ],
            "protocol_state_filtering_mode": "auto",
            "resource_group": "28b0e7d18da9417ea85b2ba308088657",
            "resource_type": "virtual_network_interface",
            "security_groups": [
              "r006-195c1291-810f-4aa6-82f3-7dd39550118f"
            ],
            "subnet": "0717-fc9c8277-8e37-4ad8-9408-be63c1f61ade",
            "tags": [],
            "target": [],
            "timeouts": null,
            "vpc": [
              {
                "crn": "crn:v1:bluemix:public:is:us-south:a/1b0834ebce7f4b94983d856f532ebfe2::vpc:r006-bd3556e1-cd83-4778-b14e-87a9083139b4",
                "deleted": [],
                "href": "https://us-south.iaas.cloud.ibm.com/v1/vpcs/r006-bd3556e1-cd83-4778-b14e-87a9083139b4",
                "id": "r006-bd3556e1-cd83-4778-b14e-87a9083139b4",
                "name": "team-1-app1-vpc",
                "resource_type": "vpc"
              }
            ],
            "zone": "us-south-1"
          },
          "sensitive_attributes": [],
          "private": "eyJlMmJmYjczMC1lY2FhLTExZTYtOGY4OC0zNDM2M2JjN2M0YzAiOnsiY3JlYXRlIjo2MDAwMDAwMDAwMDAsImRlbGV0ZSI6NjAwMDAwMDAwMDAwLCJ1cGRhdGUiOjYwMDAwMDAwMDAwMH19",
          "dependencies": [
            "ibm_is_network_acl.app1_acl",
            "ibm_is_public_gateway.pgw_02_pgw",
            "ibm_is_security_group.app1_db_sg",
            "ibm_is_subnet.app1_db_sn",
            "ibm_is_subnet_reserved_ip.db_01_rip",
            "ibm_is_vpc.app1_vpc",
            "ibm_resource_group.app1_rg"
          ]
        }
      ]
    },
    {
      "mode": "managed",
      "type": "ibm_is_virtual_network_interface",
      "name": "web_01_vni",
      "provider": "provider[\"registry.terraform.io/ibm-cloud/ibm\"]",
      "instances": [
        {
          "schema_version": 0,
          "attributes": {
            "access_tags": [],
            "allow_ip_spoofing": false,
            "auto_delete": false,
            "created_at": "2025-05-25T19:55:01.000Z",
            "crn": "crn:v1:bluemix:public:is:us-south-1:a/1b0834ebce7f4b94983d856f532ebfe2::virtual-network-interface:0717-fecbb66d-3137-46f1-a3e1-395262c9c405",
            "enable_infrastructure_nat": true,
            "href": "https://us-south.iaas.cloud.ibm.com/v1/virtual_network_interfaces/0717-fecbb66d-3137-46f1-a3e1-395262c9c405",
            "id": "0717-fecbb66d-3137-46f1-a3e1-395262c9c405",
            "ips": [],
            "lifecycle_state": "pending",
            "mac_address": null,
            "name": "team-1-web-01-vni",
            "primary_ip": [
              {
                "address": "0.0.0.0",
                "auto_delete": true,
                "deleted": [],
                "href": "https://us-south.iaas.cloud.ibm.com/v1/subnets/0717-7f8b39d6-0620-4507-8c4c-2f628ac2e0fe/reserved_ips/0717-76f76408-8fe8-42ea-a650-fa16fc7fcb75",
                "name": "unelected-exiting-mayflower-unflawed",
                "reserved_ip": "0717-76f76408-8fe8-42ea-a650-fa16fc7fcb75",
                "resource_type": "subnet_reserved_ip"
              }
            ],
            "protocol_state_filtering_mode": "auto",
            "resource_group": "28b0e7d18da9417ea85b2ba308088657",
            "resource_type": "virtual_network_interface",
            "security_groups": [
              "r006-7c473631-a257-4926-b898-54dee496ecbb"
            ],
            "subnet": "0717-7f8b39d6-0620-4507-8c4c-2f628ac2e0fe",
            "tags": [],
            "target": [],
            "timeouts": null,
            "vpc": [
              {
                "crn": "crn:v1:bluemix:public:is:us-south:a/1b0834ebce7f4b94983d856f532ebfe2::vpc:r006-bd3556e1-cd83-4778-b14e-87a9083139b4",
                "deleted": [],
                "href": "https://us-south.iaas.cloud.ibm.com/v1/vpcs/r006-bd3556e1-cd83-4778-b14e-87a9083139b4",
                "id": "r006-bd3556e1-cd83-4778-b14e-87a9083139b4",
                "name": "team-1-app1-vpc",
                "resource_type": "vpc"
              }
            ],
            "zone": "us-south-1"
          },
          "sensitive_attributes": [],
          "private": "eyJlMmJmYjczMC1lY2FhLTExZTYtOGY4OC0zNDM2M2JjN2M0YzAiOnsiY3JlYXRlIjo2MDAwMDAwMDAwMDAsImRlbGV0ZSI6NjAwMDAwMDAwMDAwLCJ1cGRhdGUiOjYwMDAwMDAwMDAwMH19",
          "dependencies": [
            "ibm_is_network_acl.app1_acl",
            "ibm_is_public_gateway.pgw_02_pgw",
            "ibm_is_security_group.app1_web_sg",
            "ibm_is_subnet.app1_web_sn",
            "ibm_is_subnet_reserved_ip.web_01_rip",
            "ibm_is_vpc.app1_vpc",
            "ibm_resource_group.app1_rg"
          ]
        }
      ]
    },
    {
      "mode": "managed",
      "type": "ibm_is_vpc",
      "name": "app1_vpc",
      "provider": "provider[\"registry.terraform.io/ibm-cloud/ibm\"]",
      "instances": [
        {
          "schema_version": 0,
          "attributes": {
            "access_tags": [],
            "address_prefix_management": "manual",
            "classic_access": false,
            "crn": "crn:v1:bluemix:public:is:us-south:a/1b0834ebce7f4b94983d856f532ebfe2::vpc:r006-bd3556e1-cd83-4778-b14e-87a9083139b4",
            "cse_source_addresses": [
              {
                "address": "10.22.23.93",
                "zone_name": "us-south-1"
              },
              {
                "address": "10.22.223.162",
                "zone_name": "us-south-2"
              },
              {
                "address": "10.249.215.88",
                "zone_name": "us-south-3"
              }
            ],
            "default_address_prefixes": {},
            "default_network_acl": "r006-db027ecc-7c12-4007-91c8-1f0a51379986",
            "default_network_acl_crn": "crn:v1:bluemix:public:is:us-south:a/1b0834ebce7f4b94983d856f532ebfe2::network-acl:r006-db027ecc-7c12-4007-91c8-1f0a51379986",
            "default_network_acl_name": "team-1-default-acl",
            "default_routing_table": "r006-35225051-e79d-49e4-8ad5-aa285d8665ef",
            "default_routing_table_crn": "crn:v1:bluemix:public:is:us-south:a/1b0834ebce7f4b94983d856f532ebfe2::vpc-routing-table:r006-bd3556e1-cd83-4778-b14e-87a9083139b4/r006-35225051-e79d-49e4-8ad5-aa285d8665ef",
            "default_routing_table_name": "baritone-thirsting-throng-evict",
            "default_security_group": "r006-52bbe8a5-32e4-4421-b75e-ff1d04b0ca8e",
            "default_security_group_crn": "crn:v1:bluemix:public:is:us-south:a/1b0834ebce7f4b94983d856f532ebfe2::security-group:r006-52bbe8a5-32e4-4421-b75e-ff1d04b0ca8e",
            "default_security_group_name": "team-1-default-rt",
            "dns": [
              {
                "enable_hub": false,
                "resolution_binding_count": 0,
                "resolver": [
                  {
                    "configuration": "default",
                    "dns_binding_id": "",
                    "dns_binding_name": "",
                    "manual_servers": [],
                    "servers": [
                      {
                        "address": "161.26.0.10",
                        "zone_affinity": ""
                      },
                      {
                        "address": "161.26.0.11",
                        "zone_affinity": ""
                      }
                    ],
                    "type": "system",
                    "vpc_crn": "",
                    "vpc_id": "",
                    "vpc_name": "",
                    "vpc_remote_account_id": "",
                    "vpc_remote_region": ""
                  }
                ]
              }
            ],
            "health_reasons": [],
            "health_state": "ok",
            "id": "r006-bd3556e1-cd83-4778-b14e-87a9083139b4",
            "name": "team-1-app1-vpc",
            "no_sg_acl_rules": false,
            "resource_controller_url": "https://cloud.ibm.com/vpc-ext/network/vpcs",
            "resource_crn": "crn:v1:bluemix:public:is:us-south:a/1b0834ebce7f4b94983d856f532ebfe2::vpc:r006-bd3556e1-cd83-4778-b14e-87a9083139b4",
            "resource_group": "1647f92e653742ad81d5a2a767cf61c1",
            "resource_group_name": "team-1-app1-rg",
            "resource_name": "team-1-app1-vpc",
            "resource_status": "available",
            "security_group": [
              {
                "group_id": "r006-52bbe8a5-32e4-4421-b75e-ff1d04b0ca8e",
                "group_name": "team-1-default-rt",
                "rules": [
                  {
                    "code": 0,
                    "direction": "outbound",
                    "ip_version": "ipv4",
                    "port_max": 0,
                    "port_min": 0,
                    "protocol": "all",
                    "remote": "0.0.0.0/0",
                    "rule_id": "r006-78dc1df2-6306-4630-a664-bf90f0bb17fb",
                    "type": 0
                  },
                  {
                    "code": 0,
                    "direction": "inbound",
                    "ip_version": "ipv4",
                    "port_max": 0,
                    "port_min": 0,
                    "protocol": "all",
                    "remote": "r006-52bbe8a5-32e4-4421-b75e-ff1d04b0ca8e",
                    "rule_id": "r006-2cf2b834-f8d7-4fba-9a71-d37c648f533f",
                    "type": 0
                  }
                ]
              }
            ],
            "status": "available",
            "subnets": [],
            "tags": [],
            "timeouts": null
          },
          "sensitive_attributes": [],
          "private": "eyJlMmJmYjczMC1lY2FhLTExZTYtOGY4OC0zNDM2M2JjN2M0YzAiOnsiY3JlYXRlIjo2MDAwMDAwMDAwMDAsImRlbGV0ZSI6NjAwMDAwMDAwMDAwfX0=",
          "dependencies": [
            "ibm_resource_group.app1_rg"
          ]
        }
      ]
    },
    {
      "mode": "managed",
      "type": "ibm_is_vpc_address_prefix",
      "name": "example",
      "provider": "provider[\"registry.terraform.io/ibm-cloud/ibm\"]",
      "instances": [
        {
          "schema_version": 0,
          "attributes": {
            "address_prefix": "r006-8bf189e3-9f2d-4355-89fe-6a7efb2b42c6",
            "cidr": "10.1.4.0/24",
            "has_subnets": false,
            "id": "r006-bd3556e1-cd83-4778-b14e-87a9083139b4/r006-8bf189e3-9f2d-4355-89fe-6a7efb2b42c6",
            "is_default": false,
            "name": "example-address-prefix",
            "related_crn": "crn:v1:bluemix:public:is:us-south:a/1b0834ebce7f4b94983d856f532ebfe2::vpc:r006-bd3556e1-cd83-4778-b14e-87a9083139b4",
            "vpc": "r006-bd3556e1-cd83-4778-b14e-87a9083139b4",
            "zone": "us-south-1"
          },
          "sensitive_attributes": [],
          "private": "bnVsbA==",
          "dependencies": [
            "ibm_is_vpc.app1_vpc",
            "ibm_resource_group.app1_rg"
          ]
        }
      ]
    },
    {
      "mode": "managed",
      "type": "ibm_is_vpc_routing_table",
      "name": "app_route_table",
      "provider": "provider[\"registry.terraform.io/ibm-cloud/ibm\"]",
      "instances": [
        {
          "schema_version": 0,
          "attributes": {
            "accept_routes_from_resource_type": [],
            "access_tags": [],
            "advertise_routes_to": [],
            "created_at": "2025-05-25T19:54:24.000Z",
            "crn": "crn:v1:bluemix:public:is:us-south:a/1b0834ebce7f4b94983d856f532ebfe2::vpc-routing-table:r006-bd3556e1-cd83-4778-b14e-87a9083139b4/r006-59283329-2b53-4a5d-8e81-b50d56141dad",
            "href": "https://us-south.iaas.cloud.ibm.com/v1/vpcs/r006-bd3556e1-cd83-4778-b14e-87a9083139b4/routing_tables/r006-59283329-2b53-4a5d-8e81-b50d56141dad",
            "id": "r006-bd3556e1-cd83-4778-b14e-87a9083139b4/r006-59283329-2b53-4a5d-8e81-b50d56141dad",
            "is_default": false,
            "lifecycle_state": "stable",
            "name": "team-1-app1-app-routes",
            "resource_group": [
              {
                "href": "https://resource-controller.cloud.ibm.com/v2/resource_groups/1647f92e653742ad81d5a2a767cf61c1",
                "id": "1647f92e653742ad81d5a2a767cf61c1",
                "name": "team-1-app1-rg"
              }
            ],
            "resource_type": "routing_table",
            "route_direct_link_ingress": false,
            "route_internet_ingress": false,
            "route_transit_gateway_ingress": false,
            "route_vpc_zone_ingress": false,
            "routing_table": "r006-59283329-2b53-4a5d-8e81-b50d56141dad",
            "subnets": [],
            "tags": [
              "app-tier",
              "demo",
              "terraform"
            ],
            "timeouts": null,
            "vpc": "r006-bd3556e1-cd83-4778-b14e-87a9083139b4"
          },
          "sensitive_attributes": [],
          "private": "eyJlMmJmYjczMC1lY2FhLTExZTYtOGY4OC0zNDM2M2JjN2M0YzAiOnsiY3JlYXRlIjo2MDAwMDAwMDAwMDAsImRlbGV0ZSI6NjAwMDAwMDAwMDAwLCJ1cGRhdGUiOjYwMDAwMDAwMDAwMH19",
          "dependencies": [
            "ibm_is_vpc.app1_vpc",
            "ibm_resource_group.app1_rg"
          ]
        }
      ]
    },
    {
      "mode": "managed",
      "type": "ibm_is_vpc_routing_table",
      "name": "db_route_table",
      "provider": "provider[\"registry.terraform.io/ibm-cloud/ibm\"]",
      "instances": [
        {
          "schema_version": 0,
          "attributes": {
            "accept_routes_from_resource_type": [],
            "access_tags": [],
            "advertise_routes_to": [],
            "created_at": "2025-05-25T19:54:24.000Z",
            "crn": "crn:v1:bluemix:public:is:us-south:a/1b0834ebce7f4b94983d856f532ebfe2::vpc-routing-table:r006-bd3556e1-cd83-4778-b14e-87a9083139b4/r006-3c6b7091-175f-41dd-984f-5cf6eadaa3d7",
            "href": "https://us-south.iaas.cloud.ibm.com/v1/vpcs/r006-bd3556e1-cd83-4778-b14e-87a9083139b4/routing_tables/r006-3c6b7091-175f-41dd-984f-5cf6eadaa3d7",
            "id": "r006-bd3556e1-cd83-4778-b14e-87a9083139b4/r006-3c6b7091-175f-41dd-984f-5cf6eadaa3d7",
            "is_default": false,
            "lifecycle_state": "stable",
            "name": "team-1-app1-db-routes",
            "resource_group": [
              {
                "href": "https://resource-controller.cloud.ibm.com/v2/resource_groups/1647f92e653742ad81d5a2a767cf61c1",
                "id": "1647f92e653742ad81d5a2a767cf61c1",
                "name": "team-1-app1-rg"
              }
            ],
            "resource_type": "routing_table",
            "route_direct_link_ingress": false,
            "route_internet_ingress": false,
            "route_transit_gateway_ingress": false,
            "route_vpc_zone_ingress": false,
            "routing_table": "r006-3c6b7091-175f-41dd-984f-5cf6eadaa3d7",
            "subnets": [],
            "tags": [
              "db-tier",
              "demo",
              "terraform"
            ],
            "timeouts": null,
            "vpc": "r006-bd3556e1-cd83-4778-b14e-87a9083139b4"
          },
          "sensitive_attributes": [],
          "private": "eyJlMmJmYjczMC1lY2FhLTExZTYtOGY4OC0zNDM2M2JjN2M0YzAiOnsiY3JlYXRlIjo2MDAwMDAwMDAwMDAsImRlbGV0ZSI6NjAwMDAwMDAwMDAwLCJ1cGRhdGUiOjYwMDAwMDAwMDAwMH19",
          "dependencies": [
            "ibm_is_vpc.app1_vpc",
            "ibm_resource_group.app1_rg"
          ]
        }
      ]
    },
    {
      "mode": "managed",
      "type": "ibm_is_vpc_routing_table_route",
      "name": "app_to_db_route",
      "provider": "provider[\"registry.terraform.io/ibm-cloud/ibm\"]",
      "instances": [
        {
          "schema_version": 0,
          "attributes": {
            "action": "deliver",
            "advertise": false,
            "created_at": "2025-05-25T19:54:31.000Z",
            "creator": [],
            "destination": "10.1.4.128/26",
            "href": "https://us-south.iaas.cloud.ibm.com/v1/vpcs/r006-bd3556e1-cd83-4778-b14e-87a9083139b4/routing_tables/r006-59283329-2b53-4a5d-8e81-b50d56141dad/routes/r006-17ccbe63-bf00-46fd-b5c5-2c84fcf04bb5",
            "id": "r006-bd3556e1-cd83-4778-b14e-87a9083139b4/r006-59283329-2b53-4a5d-8e81-b50d56141dad/r006-17ccbe63-bf00-46fd-b5c5-2c84fcf04bb5",
            "lifecycle_state": "stable",
            "name": "allow-app-to-db",
            "next_hop": "10.1.4.65",
            "origin": "user",
            "priority": 2,
            "route_id": "r006-17ccbe63-bf00-46fd-b5c5-2c84fcf04bb5",
            "routing_table": "r006-59283329-2b53-4a5d-8e81-b50d56141dad",
            "timeouts": null,
            "vpc": "r006-bd3556e1-cd83-4778-b14e-87a9083139b4",
            "zone": "us-south-1"
          },
          "sensitive_attributes": [],
          "private": "eyJlMmJmYjczMC1lY2FhLTExZTYtOGY4OC0zNDM2M2JjN2M0YzAiOnsiY3JlYXRlIjo2MDAwMDAwMDAwMDAsImRlbGV0ZSI6NjAwMDAwMDAwMDAwLCJ1cGRhdGUiOjYwMDAwMDAwMDAwMH19",
          "dependencies": [
            "ibm_is_vpc.app1_vpc",
            "ibm_is_vpc_routing_table.app_route_table",
            "ibm_resource_group.app1_rg"
          ]
        }
      ]
    },
    {
      "mode": "managed",
      "type": "ibm_is_vpc_routing_table_route",
      "name": "app_to_web_route",
      "provider": "provider[\"registry.terraform.io/ibm-cloud/ibm\"]",
      "instances": [
        {
          "schema_version": 0,
          "attributes": {
            "action": "deliver",
            "advertise": false,
            "created_at": "2025-05-25T19:54:31.000Z",
            "creator": [],
            "destination": "10.1.4.0/26",
            "href": "https://us-south.iaas.cloud.ibm.com/v1/vpcs/r006-bd3556e1-cd83-4778-b14e-87a9083139b4/routing_tables/r006-59283329-2b53-4a5d-8e81-b50d56141dad/routes/r006-82ac36fd-6c7d-48fe-8d78-23acd1bc0a89",
            "id": "r006-bd3556e1-cd83-4778-b14e-87a9083139b4/r006-59283329-2b53-4a5d-8e81-b50d56141dad/r006-82ac36fd-6c7d-48fe-8d78-23acd1bc0a89",
            "lifecycle_state": "stable",
            "name": "allow-app-to-web",
            "next_hop": "10.1.4.65",
            "origin": "user",
            "priority": 2,
            "route_id": "r006-82ac36fd-6c7d-48fe-8d78-23acd1bc0a89",
            "routing_table": "r006-59283329-2b53-4a5d-8e81-b50d56141dad",
            "timeouts": null,
            "vpc": "r006-bd3556e1-cd83-4778-b14e-87a9083139b4",
            "zone": "us-south-1"
          },
          "sensitive_attributes": [],
          "private": "eyJlMmJmYjczMC1lY2FhLTExZTYtOGY4OC0zNDM2M2JjN2M0YzAiOnsiY3JlYXRlIjo2MDAwMDAwMDAwMDAsImRlbGV0ZSI6NjAwMDAwMDAwMDAwLCJ1cGRhdGUiOjYwMDAwMDAwMDAwMH19",
          "dependencies": [
            "ibm_is_vpc.app1_vpc",
            "ibm_is_vpc_routing_table.app_route_table",
            "ibm_resource_group.app1_rg"
          ]
        }
      ]
    },
    {
      "mode": "managed",
      "type": "ibm_is_vpc_routing_table_route",
      "name": "db_block_internet",
      "provider": "provider[\"registry.terraform.io/ibm-cloud/ibm\"]",
      "instances": [
        {
          "schema_version": 0,
          "attributes": {
            "action": "drop",
            "advertise": false,
            "created_at": "2025-05-25T19:54:30.000Z",
            "creator": [],
            "destination": "0.0.0.0/0",
            "href": "https://us-south.iaas.cloud.ibm.com/v1/vpcs/r006-bd3556e1-cd83-4778-b14e-87a9083139b4/routing_tables/r006-3c6b7091-175f-41dd-984f-5cf6eadaa3d7/routes/r006-1814df83-6083-4e35-b9e9-ca014fccd89b",
            "id": "r006-bd3556e1-cd83-4778-b14e-87a9083139b4/r006-3c6b7091-175f-41dd-984f-5cf6eadaa3d7/r006-1814df83-6083-4e35-b9e9-ca014fccd89b",
            "lifecycle_state": "stable",
            "name": "block-internet-access",
            "next_hop": "0.0.0.0",
            "origin": "user",
            "priority": 2,
            "route_id": "r006-1814df83-6083-4e35-b9e9-ca014fccd89b",
            "routing_table": "r006-3c6b7091-175f-41dd-984f-5cf6eadaa3d7",
            "timeouts": null,
            "vpc": "r006-bd3556e1-cd83-4778-b14e-87a9083139b4",
            "zone": "us-south-1"
          },
          "sensitive_attributes": [],
          "private": "eyJlMmJmYjczMC1lY2FhLTExZTYtOGY4OC0zNDM2M2JjN2M0YzAiOnsiY3JlYXRlIjo2MDAwMDAwMDAwMDAsImRlbGV0ZSI6NjAwMDAwMDAwMDAwLCJ1cGRhdGUiOjYwMDAwMDAwMDAwMH19",
          "dependencies": [
            "ibm_is_vpc.app1_vpc",
            "ibm_is_vpc_routing_table.db_route_table",
            "ibm_resource_group.app1_rg"
          ]
        }
      ]
    },
    {
      "mode": "managed",
      "type": "ibm_is_vpc_routing_table_route",
      "name": "db_to_app_route",
      "provider": "provider[\"registry.terraform.io/ibm-cloud/ibm\"]",
      "instances": [
        {
          "schema_version": 0,
          "attributes": {
            "action": "deliver",
            "advertise": false,
            "created_at": "2025-05-25T19:54:30.000Z",
            "creator": [],
            "destination": "10.1.4.64/26",
            "href": "https://us-south.iaas.cloud.ibm.com/v1/vpcs/r006-bd3556e1-cd83-4778-b14e-87a9083139b4/routing_tables/r006-3c6b7091-175f-41dd-984f-5cf6eadaa3d7/routes/r006-bd6d7acf-2271-42af-b710-4145a723df79",
            "id": "r006-bd3556e1-cd83-4778-b14e-87a9083139b4/r006-3c6b7091-175f-41dd-984f-5cf6eadaa3d7/r006-bd6d7acf-2271-42af-b710-4145a723df79",
            "lifecycle_state": "stable",
            "name": "allow-db-to-app",
            "next_hop": "10.1.4.129",
            "origin": "user",
            "priority": 2,
            "route_id": "r006-bd6d7acf-2271-42af-b710-4145a723df79",
            "routing_table": "r006-3c6b7091-175f-41dd-984f-5cf6eadaa3d7",
            "timeouts": null,
            "vpc": "r006-bd3556e1-cd83-4778-b14e-87a9083139b4",
            "zone": "us-south-1"
          },
          "sensitive_attributes": [],
          "private": "eyJlMmJmYjczMC1lY2FhLTExZTYtOGY4OC0zNDM2M2JjN2M0YzAiOnsiY3JlYXRlIjo2MDAwMDAwMDAwMDAsImRlbGV0ZSI6NjAwMDAwMDAwMDAwLCJ1cGRhdGUiOjYwMDAwMDAwMDAwMH19",
          "dependencies": [
            "ibm_is_vpc.app1_vpc",
            "ibm_is_vpc_routing_table.db_route_table",
            "ibm_resource_group.app1_rg"
          ]
        }
      ]
    },
    {
      "mode": "managed",
      "type": "ibm_resource_group",
      "name": "app1_rg",
      "provider": "provider[\"registry.terraform.io/ibm-cloud/ibm\"]",
      "instances": [
        {
          "schema_version": 0,
          "attributes": {
            "created_at": "2025-05-25T19:54:03.258Z",
            "crn": "crn:v1:bluemix:public:resource-controller::a/1b0834ebce7f4b94983d856f532ebfe2::resource-group:1647f92e653742ad81d5a2a767cf61c1",
            "default": false,
            "id": "1647f92e653742ad81d5a2a767cf61c1",
            "name": "team-1-app1-rg",
            "payment_methods_url": null,
            "quota_id": "a3d7b8d01e261c24677937c29ab33f3c",
            "quota_url": "/v2/quota_definitions/a3d7b8d01e261c24677937c29ab33f3c",
            "resource_linkages": [],
            "state": "ACTIVE",
            "tags": null,
            "teams_url": null,
            "timeouts": null,
            "updated_at": "2025-05-25T19:54:03.258Z"
          },
          "sensitive_attributes": [],
          "private": "eyJlMmJmYjczMC1lY2FhLTExZTYtOGY4OC0zNDM2M2JjN2M0YzAiOnsiZGVsZXRlIjoxMjAwMDAwMDAwMDAwfX0="
        }
      ]
    }
  ],
  "check_results": null
}
